// !$*UTF8*$!
{
	archiveVersion = 1;
	classes = {
	};
	objectVersion = 46;
	objects = {

/* Begin PBXBuildFile section */
		046E75CB1A2BF700000FE777 /* main.m in Sources */ = {isa = PBXBuildFile; fileRef = 046E75CA1A2BF700000FE777 /* main.m */; };
		046E75CE1A2BF700000FE777 /* AppDelegate.m in Sources */ = {isa = PBXBuildFile; fileRef = 046E75CD1A2BF700000FE777 /* AppDelegate.m */; };
		046E75D41A2BF700000FE777 /* Main.storyboard in Resources */ = {isa = PBXBuildFile; fileRef = 046E75D21A2BF700000FE777 /* Main.storyboard */; };
		046E75D61A2BF700000FE777 /* Images.xcassets in Resources */ = {isa = PBXBuildFile; fileRef = 046E75D51A2BF700000FE777 /* Images.xcassets */; };
		046E75D91A2BF700000FE777 /* LaunchScreen.xib in Resources */ = {isa = PBXBuildFile; fileRef = 046E75D71A2BF700000FE777 /* LaunchScreen.xib */; };
		046E75E51A2BF700000FE777 /* Project_PCOnlineTests.m in Sources */ = {isa = PBXBuildFile; fileRef = 046E75E41A2BF700000FE777 /* Project_PCOnlineTests.m */; };
		046E76231A2C08AF000FE777 /* AFHTTPRequestOperation.m in Sources */ = {isa = PBXBuildFile; fileRef = 046E75FF1A2C08AF000FE777 /* AFHTTPRequestOperation.m */; };
		046E76241A2C08AF000FE777 /* AFHTTPRequestOperationManager.m in Sources */ = {isa = PBXBuildFile; fileRef = 046E76011A2C08AF000FE777 /* AFHTTPRequestOperationManager.m */; };
		046E76251A2C08AF000FE777 /* AFHTTPSessionManager.m in Sources */ = {isa = PBXBuildFile; fileRef = 046E76031A2C08AF000FE777 /* AFHTTPSessionManager.m */; };
		046E76261A2C08AF000FE777 /* AFNetworkReachabilityManager.m in Sources */ = {isa = PBXBuildFile; fileRef = 046E76061A2C08AF000FE777 /* AFNetworkReachabilityManager.m */; };
		046E76271A2C08AF000FE777 /* AFSecurityPolicy.m in Sources */ = {isa = PBXBuildFile; fileRef = 046E76081A2C08AF000FE777 /* AFSecurityPolicy.m */; };
		046E76281A2C08AF000FE777 /* AFURLConnectionOperation.m in Sources */ = {isa = PBXBuildFile; fileRef = 046E760A1A2C08AF000FE777 /* AFURLConnectionOperation.m */; };
		046E76291A2C08AF000FE777 /* AFURLRequestSerialization.m in Sources */ = {isa = PBXBuildFile; fileRef = 046E760C1A2C08AF000FE777 /* AFURLRequestSerialization.m */; };
		046E762A1A2C08AF000FE777 /* AFURLResponseSerialization.m in Sources */ = {isa = PBXBuildFile; fileRef = 046E760E1A2C08AF000FE777 /* AFURLResponseSerialization.m */; };
		046E762B1A2C08AF000FE777 /* AFURLSessionManager.m in Sources */ = {isa = PBXBuildFile; fileRef = 046E76101A2C08AF000FE777 /* AFURLSessionManager.m */; };
		046E762C1A2C08AF000FE777 /* AFNetworkActivityIndicatorManager.m in Sources */ = {isa = PBXBuildFile; fileRef = 046E76131A2C08AF000FE777 /* AFNetworkActivityIndicatorManager.m */; };
		046E762D1A2C08AF000FE777 /* UIActivityIndicatorView+AFNetworking.m in Sources */ = {isa = PBXBuildFile; fileRef = 046E76151A2C08AF000FE777 /* UIActivityIndicatorView+AFNetworking.m */; };
		046E762E1A2C08AF000FE777 /* UIAlertView+AFNetworking.m in Sources */ = {isa = PBXBuildFile; fileRef = 046E76171A2C08AF000FE777 /* UIAlertView+AFNetworking.m */; };
		046E762F1A2C08AF000FE777 /* UIButton+AFNetworking.m in Sources */ = {isa = PBXBuildFile; fileRef = 046E76191A2C08AF000FE777 /* UIButton+AFNetworking.m */; };
		046E76301A2C08AF000FE777 /* UIImageView+AFNetworking.m in Sources */ = {isa = PBXBuildFile; fileRef = 046E761B1A2C08AF000FE777 /* UIImageView+AFNetworking.m */; };
		046E76311A2C08AF000FE777 /* UIProgressView+AFNetworking.m in Sources */ = {isa = PBXBuildFile; fileRef = 046E761E1A2C08AF000FE777 /* UIProgressView+AFNetworking.m */; };
		046E76321A2C08AF000FE777 /* UIRefreshControl+AFNetworking.m in Sources */ = {isa = PBXBuildFile; fileRef = 046E76201A2C08AF000FE777 /* UIRefreshControl+AFNetworking.m */; };
		046E76331A2C08AF000FE777 /* UIWebView+AFNetworking.m in Sources */ = {isa = PBXBuildFile; fileRef = 046E76221A2C08AF000FE777 /* UIWebView+AFNetworking.m */; };
		046E76451A2C08C0000FE777 /* MJRefresh.bundle in Resources */ = {isa = PBXBuildFile; fileRef = 046E76351A2C08C0000FE777 /* MJRefresh.bundle */; };
		046E76461A2C08C0000FE777 /* MJRefreshBaseView.m in Sources */ = {isa = PBXBuildFile; fileRef = 046E76381A2C08C0000FE777 /* MJRefreshBaseView.m */; };
		046E76471A2C08C0000FE777 /* MJRefreshConst.m in Sources */ = {isa = PBXBuildFile; fileRef = 046E763A1A2C08C0000FE777 /* MJRefreshConst.m */; };
		046E76481A2C08C0000FE777 /* MJRefreshFooterView.m in Sources */ = {isa = PBXBuildFile; fileRef = 046E763C1A2C08C0000FE777 /* MJRefreshFooterView.m */; };
		046E76491A2C08C0000FE777 /* MJRefreshHeaderView.m in Sources */ = {isa = PBXBuildFile; fileRef = 046E763E1A2C08C0000FE777 /* MJRefreshHeaderView.m */; };
		046E764A1A2C08C0000FE777 /* UIScrollView+MJExtension.m in Sources */ = {isa = PBXBuildFile; fileRef = 046E76401A2C08C0000FE777 /* UIScrollView+MJExtension.m */; };
		046E764B1A2C08C0000FE777 /* UIScrollView+MJRefresh.m in Sources */ = {isa = PBXBuildFile; fileRef = 046E76421A2C08C0000FE777 /* UIScrollView+MJRefresh.m */; };
		046E764C1A2C08C0000FE777 /* UIView+MJExtension.m in Sources */ = {isa = PBXBuildFile; fileRef = 046E76441A2C08C0000FE777 /* UIView+MJExtension.m */; };
		046E76541A2C0A2F000FE777 /* MBProgressHUD.m in Sources */ = {isa = PBXBuildFile; fileRef = 046E76531A2C0A2F000FE777 /* MBProgressHUD.m */; };
		046E76611A2C0A37000FE777 /* FMDatabase.m in Sources */ = {isa = PBXBuildFile; fileRef = 046E76571A2C0A37000FE777 /* FMDatabase.m */; };
		046E76621A2C0A37000FE777 /* FMDatabaseAdditions.m in Sources */ = {isa = PBXBuildFile; fileRef = 046E76591A2C0A37000FE777 /* FMDatabaseAdditions.m */; };
		046E76631A2C0A37000FE777 /* FMDatabasePool.m in Sources */ = {isa = PBXBuildFile; fileRef = 046E765B1A2C0A37000FE777 /* FMDatabasePool.m */; };
		046E76641A2C0A37000FE777 /* FMDatabaseQueue.m in Sources */ = {isa = PBXBuildFile; fileRef = 046E765D1A2C0A37000FE777 /* FMDatabaseQueue.m */; };
		046E76651A2C0A37000FE777 /* FMResultSet.m in Sources */ = {isa = PBXBuildFile; fileRef = 046E76601A2C0A37000FE777 /* FMResultSet.m */; };
		046E76671A2C0A49000FE777 /* libsqlite3.dylib in Frameworks */ = {isa = PBXBuildFile; fileRef = 046E76661A2C0A49000FE777 /* libsqlite3.dylib */; };
		046E766A1A2C121E000FE777 /* LJTabBarController.m in Sources */ = {isa = PBXBuildFile; fileRef = 046E76691A2C121E000FE777 /* LJTabBarController.m */; };
		046E766D1A2C1251000FE777 /* LJTabBar.m in Sources */ = {isa = PBXBuildFile; fileRef = 046E766C1A2C1251000FE777 /* LJTabBar.m */; };
		046E76731A2C131C000FE777 /* LJTabButton.m in Sources */ = {isa = PBXBuildFile; fileRef = 046E76721A2C131C000FE777 /* LJTabButton.m */; };
		046E767D1A2C1AC6000FE777 /* LJNewsViewController.m in Sources */ = {isa = PBXBuildFile; fileRef = 046E767C1A2C1AC6000FE777 /* LJNewsViewController.m */; };
		046E76801A2C1ADF000FE777 /* LJBBSViewController.m in Sources */ = {isa = PBXBuildFile; fileRef = 046E767F1A2C1ADF000FE777 /* LJBBSViewController.m */; };
		046E76841A2C1AF4000FE777 /* LJPhotoVIewController.m in Sources */ = {isa = PBXBuildFile; fileRef = 046E76831A2C1AF4000FE777 /* LJPhotoVIewController.m */; };
		046E76871A2C1B02000FE777 /* LJProductViewController.m in Sources */ = {isa = PBXBuildFile; fileRef = 046E76861A2C1B02000FE777 /* LJProductViewController.m */; };
		046E768A1A2C1B1B000FE777 /* LJSpecialViewController.m in Sources */ = {isa = PBXBuildFile; fileRef = 046E76891A2C1B1B000FE777 /* LJSpecialViewController.m */; };
		046E76951A2C25EE000FE777 /* pconline_v4_bbs_forum_tree4inch.json in Resources */ = {isa = PBXBuildFile; fileRef = 046E768C1A2C25EE000FE777 /* pconline_v4_bbs_forum_tree4inch.json */; };
		046E76961A2C25EE000FE777 /* pconline_v4_cms_iphone_channel_tree4inch.json in Resources */ = {isa = PBXBuildFile; fileRef = 046E768D1A2C25EE000FE777 /* pconline_v4_cms_iphone_channel_tree4inch.json */; };
		046E76971A2C25EE000FE777 /* pconline_v4_square_fast_forum4inch.json in Resources */ = {isa = PBXBuildFile; fileRef = 046E768E1A2C25EE000FE777 /* pconline_v4_square_fast_forum4inch.json */; };
		046E76981A2C25EE000FE777 /* PCOnlineProductDatas4inch.json in Resources */ = {isa = PBXBuildFile; fileRef = 046E768F1A2C25EE000FE777 /* PCOnlineProductDatas4inch.json */; };
		046E76991A2C25EE000FE777 /* pconline_v4_bbs_forum_tree.json in Resources */ = {isa = PBXBuildFile; fileRef = 046E76911A2C25EE000FE777 /* pconline_v4_bbs_forum_tree.json */; };
		046E769A1A2C25EE000FE777 /* pconline_v4_cms_iphone_channel_tree.json in Resources */ = {isa = PBXBuildFile; fileRef = 046E76921A2C25EE000FE777 /* pconline_v4_cms_iphone_channel_tree.json */; };
		046E769B1A2C25EE000FE777 /* pconline_v4_square_fast_forum.json in Resources */ = {isa = PBXBuildFile; fileRef = 046E76931A2C25EE000FE777 /* pconline_v4_square_fast_forum.json */; };
		046E769C1A2C25EE000FE777 /* PCOnlineProductDatas.json in Resources */ = {isa = PBXBuildFile; fileRef = 046E76941A2C25EE000FE777 /* PCOnlineProductDatas.json */; };
		047D6A701A2C291000EB3B64 /* LJNavController.m in Sources */ = {isa = PBXBuildFile; fileRef = 047D6A6F1A2C291000EB3B64 /* LJNavController.m */; };
		047D6A741A2C2B6A00EB3B64 /* PPRevealSideViewController.m in Sources */ = {isa = PBXBuildFile; fileRef = 047D6A731A2C2B6A00EB3B64 /* PPRevealSideViewController.m */; };
		047D6A781A2C2F2500EB3B64 /* LJUserSettingViewController.m in Sources */ = {isa = PBXBuildFile; fileRef = 047D6A771A2C2F2500EB3B64 /* LJUserSettingViewController.m */; };
		047D6A801A2C4DA600EB3B64 /* LJBaseViewController.m in Sources */ = {isa = PBXBuildFile; fileRef = 047D6A7F1A2C4DA600EB3B64 /* LJBaseViewController.m */; };
		047D6A831A2C548F00EB3B64 /* UIImage+MyImage.m in Sources */ = {isa = PBXBuildFile; fileRef = 047D6A821A2C548F00EB3B64 /* UIImage+MyImage.m */; };
		047D6A881A2C66C700EB3B64 /* LJSubjectView.m in Sources */ = {isa = PBXBuildFile; fileRef = 047D6A871A2C66C700EB3B64 /* LJSubjectView.m */; };
		047D6A8C1A2C718000EB3B64 /* LJSubject.m in Sources */ = {isa = PBXBuildFile; fileRef = 047D6A8B1A2C718000EB3B64 /* LJSubject.m */; };
		047D6A8F1A2C71A500EB3B64 /* LJNews.m in Sources */ = {isa = PBXBuildFile; fileRef = 047D6A8E1A2C71A500EB3B64 /* LJNews.m */; };
		047D6A921A2C73D300EB3B64 /* LJCommonData.m in Sources */ = {isa = PBXBuildFile; fileRef = 047D6A911A2C73D300EB3B64 /* LJCommonData.m */; };
		047D6A951A2C837E00EB3B64 /* LJNetWorking.m in Sources */ = {isa = PBXBuildFile; fileRef = 047D6A941A2C837E00EB3B64 /* LJNetWorking.m */; };
		047D6A981A2C933500EB3B64 /* LJArea.m in Sources */ = {isa = PBXBuildFile; fileRef = 047D6A971A2C933500EB3B64 /* LJArea.m */; };
		04C711C71A2D5304009705DF /* LJAds.m in Sources */ = {isa = PBXBuildFile; fileRef = 04C711C61A2D5304009705DF /* LJAds.m */; };
		04C711EA1A2D56DF009705DF /* MKAnnotationView+WebCache.m in Sources */ = {isa = PBXBuildFile; fileRef = 04C711CA1A2D56DF009705DF /* MKAnnotationView+WebCache.m */; };
		04C711EB1A2D56DF009705DF /* NSData+ImageContentType.m in Sources */ = {isa = PBXBuildFile; fileRef = 04C711CC1A2D56DF009705DF /* NSData+ImageContentType.m */; };
		04C711EC1A2D56DF009705DF /* SDImageCache.m in Sources */ = {isa = PBXBuildFile; fileRef = 04C711CE1A2D56DF009705DF /* SDImageCache.m */; };
		04C711ED1A2D56DF009705DF /* SDWebImageCompat.m in Sources */ = {isa = PBXBuildFile; fileRef = 04C711D01A2D56DF009705DF /* SDWebImageCompat.m */; };
		04C711EE1A2D56DF009705DF /* SDWebImageDecoder.m in Sources */ = {isa = PBXBuildFile; fileRef = 04C711D21A2D56DF009705DF /* SDWebImageDecoder.m */; };
		04C711EF1A2D56DF009705DF /* SDWebImageDownloader.m in Sources */ = {isa = PBXBuildFile; fileRef = 04C711D41A2D56DF009705DF /* SDWebImageDownloader.m */; };
		04C711F01A2D56DF009705DF /* SDWebImageDownloaderOperation.m in Sources */ = {isa = PBXBuildFile; fileRef = 04C711D61A2D56DF009705DF /* SDWebImageDownloaderOperation.m */; };
		04C711F11A2D56DF009705DF /* SDWebImageManager.m in Sources */ = {isa = PBXBuildFile; fileRef = 04C711D81A2D56DF009705DF /* SDWebImageManager.m */; };
		04C711F21A2D56DF009705DF /* SDWebImagePrefetcher.m in Sources */ = {isa = PBXBuildFile; fileRef = 04C711DB1A2D56DF009705DF /* SDWebImagePrefetcher.m */; };
		04C711F31A2D56DF009705DF /* UIButton+WebCache.m in Sources */ = {isa = PBXBuildFile; fileRef = 04C711DD1A2D56DF009705DF /* UIButton+WebCache.m */; };
		04C711F41A2D56DF009705DF /* UIImage+GIF.m in Sources */ = {isa = PBXBuildFile; fileRef = 04C711DF1A2D56DF009705DF /* UIImage+GIF.m */; };
		04C711F51A2D56DF009705DF /* UIImage+MultiFormat.m in Sources */ = {isa = PBXBuildFile; fileRef = 04C711E11A2D56DF009705DF /* UIImage+MultiFormat.m */; };
		04C711F61A2D56DF009705DF /* UIImage+WebP.m in Sources */ = {isa = PBXBuildFile; fileRef = 04C711E31A2D56DF009705DF /* UIImage+WebP.m */; };
		04C711F71A2D56DF009705DF /* UIImageView+HighlightedWebCache.m in Sources */ = {isa = PBXBuildFile; fileRef = 04C711E51A2D56DF009705DF /* UIImageView+HighlightedWebCache.m */; };
		04C711F81A2D56DF009705DF /* UIImageView+WebCache.m in Sources */ = {isa = PBXBuildFile; fileRef = 04C711E71A2D56DF009705DF /* UIImageView+WebCache.m */; };
		04C711F91A2D56DF009705DF /* UIView+WebCacheOperation.m in Sources */ = {isa = PBXBuildFile; fileRef = 04C711E91A2D56DF009705DF /* UIView+WebCacheOperation.m */; };
		04C711FC1A2D646D009705DF /* LJNewsDetailController.m in Sources */ = {isa = PBXBuildFile; fileRef = 04C711FB1A2D646D009705DF /* LJNewsDetailController.m */; };
		04C712011A2D9108009705DF /* LJAdsGroupView.m in Sources */ = {isa = PBXBuildFile; fileRef = 04C712001A2D9108009705DF /* LJAdsGroupView.m */; };
		04C712041A2D9318009705DF /* LJAdView.m in Sources */ = {isa = PBXBuildFile; fileRef = 04C712031A2D9318009705DF /* LJAdView.m */; };
		04C712071A2D984C009705DF /* LJBBSButtonView.m in Sources */ = {isa = PBXBuildFile; fileRef = 04C712061A2D984C009705DF /* LJBBSButtonView.m */; };
		04C7120A1A2DA877009705DF /* LJBBSSquareViewController.m in Sources */ = {isa = PBXBuildFile; fileRef = 04C712091A2DA877009705DF /* LJBBSSquareViewController.m */; };
		04C7120D1A2DA891009705DF /* LJBBSListViewController.m in Sources */ = {isa = PBXBuildFile; fileRef = 04C7120C1A2DA891009705DF /* LJBBSListViewController.m */; };
		04C712101A2DA8B9009705DF /* LJBBSRecentViewController.m in Sources */ = {isa = PBXBuildFile; fileRef = 04C7120F1A2DA8B9009705DF /* LJBBSRecentViewController.m */; };
		04C712141A2DB04D009705DF /* LJBBSAds.m in Sources */ = {isa = PBXBuildFile; fileRef = 04C712131A2DB04D009705DF /* LJBBSAds.m */; };
		04C712171A2DB421009705DF /* LJBaseAds.m in Sources */ = {isa = PBXBuildFile; fileRef = 04C712161A2DB421009705DF /* LJBaseAds.m */; };
		8894F9081A2CD4190058C76A /* LJSelectButton.m in Sources */ = {isa = PBXBuildFile; fileRef = 8894F9071A2CD4190058C76A /* LJSelectButton.m */; };
		8894F90E1A2CDF890058C76A /* NSString+MyString.m in Sources */ = {isa = PBXBuildFile; fileRef = 8894F90D1A2CDF890058C76A /* NSString+MyString.m */; };
		8894F9121A2CE77F0058C76A /* LJNewsNormalCell.m in Sources */ = {isa = PBXBuildFile; fileRef = 8894F9111A2CE77F0058C76A /* LJNewsNormalCell.m */; };
		8894F9141A2CE7A90058C76A /* LJNewsNormalCell.xib in Resources */ = {isa = PBXBuildFile; fileRef = 8894F9131A2CE7A90058C76A /* LJNewsNormalCell.xib */; };
/* End PBXBuildFile section */

/* Begin PBXContainerItemProxy section */
		046E75DF1A2BF700000FE777 /* PBXContainerItemProxy */ = {
			isa = PBXContainerItemProxy;
			containerPortal = 046E75BD1A2BF700000FE777 /* Project object */;
			proxyType = 1;
			remoteGlobalIDString = 046E75C41A2BF700000FE777;
			remoteInfo = Project_PCOnline;
		};
/* End PBXContainerItemProxy section */

/* Begin PBXFileReference section */
		046E75C51A2BF700000FE777 /* Project_PCOnline.app */ = {isa = PBXFileReference; explicitFileType = wrapper.application; includeInIndex = 0; path = Project_PCOnline.app; sourceTree = BUILT_PRODUCTS_DIR; };
		046E75C91A2BF700000FE777 /* Info.plist */ = {isa = PBXFileReference; lastKnownFileType = text.plist.xml; path = Info.plist; sourceTree = "<group>"; };
		046E75CA1A2BF700000FE777 /* main.m */ = {isa = PBXFileReference; lastKnownFileType = sourcecode.c.objc; path = main.m; sourceTree = "<group>"; };
		046E75CC1A2BF700000FE777 /* AppDelegate.h */ = {isa = PBXFileReference; lastKnownFileType = sourcecode.c.h; path = AppDelegate.h; sourceTree = "<group>"; };
		046E75CD1A2BF700000FE777 /* AppDelegate.m */ = {isa = PBXFileReference; lastKnownFileType = sourcecode.c.objc; path = AppDelegate.m; sourceTree = "<group>"; };
		046E75D31A2BF700000FE777 /* Base */ = {isa = PBXFileReference; lastKnownFileType = file.storyboard; name = Base; path = Base.lproj/Main.storyboard; sourceTree = "<group>"; };
		046E75D51A2BF700000FE777 /* Images.xcassets */ = {isa = PBXFileReference; lastKnownFileType = folder.assetcatalog; path = Images.xcassets; sourceTree = "<group>"; };
		046E75D81A2BF700000FE777 /* Base */ = {isa = PBXFileReference; lastKnownFileType = file.xib; name = Base; path = Base.lproj/LaunchScreen.xib; sourceTree = "<group>"; };
		046E75DE1A2BF700000FE777 /* Project_PCOnlineTests.xctest */ = {isa = PBXFileReference; explicitFileType = wrapper.cfbundle; includeInIndex = 0; path = Project_PCOnlineTests.xctest; sourceTree = BUILT_PRODUCTS_DIR; };
		046E75E31A2BF700000FE777 /* Info.plist */ = {isa = PBXFileReference; lastKnownFileType = text.plist.xml; path = Info.plist; sourceTree = "<group>"; };
		046E75E41A2BF700000FE777 /* Project_PCOnlineTests.m */ = {isa = PBXFileReference; lastKnownFileType = sourcecode.c.objc; path = Project_PCOnlineTests.m; sourceTree = "<group>"; };
		046E75FE1A2C08AF000FE777 /* AFHTTPRequestOperation.h */ = {isa = PBXFileReference; fileEncoding = 4; lastKnownFileType = sourcecode.c.h; path = AFHTTPRequestOperation.h; sourceTree = "<group>"; };
		046E75FF1A2C08AF000FE777 /* AFHTTPRequestOperation.m */ = {isa = PBXFileReference; fileEncoding = 4; lastKnownFileType = sourcecode.c.objc; path = AFHTTPRequestOperation.m; sourceTree = "<group>"; };
		046E76001A2C08AF000FE777 /* AFHTTPRequestOperationManager.h */ = {isa = PBXFileReference; fileEncoding = 4; lastKnownFileType = sourcecode.c.h; path = AFHTTPRequestOperationManager.h; sourceTree = "<group>"; };
		046E76011A2C08AF000FE777 /* AFHTTPRequestOperationManager.m */ = {isa = PBXFileReference; fileEncoding = 4; lastKnownFileType = sourcecode.c.objc; path = AFHTTPRequestOperationManager.m; sourceTree = "<group>"; };
		046E76021A2C08AF000FE777 /* AFHTTPSessionManager.h */ = {isa = PBXFileReference; fileEncoding = 4; lastKnownFileType = sourcecode.c.h; path = AFHTTPSessionManager.h; sourceTree = "<group>"; };
		046E76031A2C08AF000FE777 /* AFHTTPSessionManager.m */ = {isa = PBXFileReference; fileEncoding = 4; lastKnownFileType = sourcecode.c.objc; path = AFHTTPSessionManager.m; sourceTree = "<group>"; };
		046E76041A2C08AF000FE777 /* AFNetworking.h */ = {isa = PBXFileReference; fileEncoding = 4; lastKnownFileType = sourcecode.c.h; path = AFNetworking.h; sourceTree = "<group>"; };
		046E76051A2C08AF000FE777 /* AFNetworkReachabilityManager.h */ = {isa = PBXFileReference; fileEncoding = 4; lastKnownFileType = sourcecode.c.h; path = AFNetworkReachabilityManager.h; sourceTree = "<group>"; };
		046E76061A2C08AF000FE777 /* AFNetworkReachabilityManager.m */ = {isa = PBXFileReference; fileEncoding = 4; lastKnownFileType = sourcecode.c.objc; path = AFNetworkReachabilityManager.m; sourceTree = "<group>"; };
		046E76071A2C08AF000FE777 /* AFSecurityPolicy.h */ = {isa = PBXFileReference; fileEncoding = 4; lastKnownFileType = sourcecode.c.h; path = AFSecurityPolicy.h; sourceTree = "<group>"; };
		046E76081A2C08AF000FE777 /* AFSecurityPolicy.m */ = {isa = PBXFileReference; fileEncoding = 4; lastKnownFileType = sourcecode.c.objc; path = AFSecurityPolicy.m; sourceTree = "<group>"; };
		046E76091A2C08AF000FE777 /* AFURLConnectionOperation.h */ = {isa = PBXFileReference; fileEncoding = 4; lastKnownFileType = sourcecode.c.h; path = AFURLConnectionOperation.h; sourceTree = "<group>"; };
		046E760A1A2C08AF000FE777 /* AFURLConnectionOperation.m */ = {isa = PBXFileReference; fileEncoding = 4; lastKnownFileType = sourcecode.c.objc; path = AFURLConnectionOperation.m; sourceTree = "<group>"; };
		046E760B1A2C08AF000FE777 /* AFURLRequestSerialization.h */ = {isa = PBXFileReference; fileEncoding = 4; lastKnownFileType = sourcecode.c.h; path = AFURLRequestSerialization.h; sourceTree = "<group>"; };
		046E760C1A2C08AF000FE777 /* AFURLRequestSerialization.m */ = {isa = PBXFileReference; fileEncoding = 4; lastKnownFileType = sourcecode.c.objc; path = AFURLRequestSerialization.m; sourceTree = "<group>"; };
		046E760D1A2C08AF000FE777 /* AFURLResponseSerialization.h */ = {isa = PBXFileReference; fileEncoding = 4; lastKnownFileType = sourcecode.c.h; path = AFURLResponseSerialization.h; sourceTree = "<group>"; };
		046E760E1A2C08AF000FE777 /* AFURLResponseSerialization.m */ = {isa = PBXFileReference; fileEncoding = 4; lastKnownFileType = sourcecode.c.objc; path = AFURLResponseSerialization.m; sourceTree = "<group>"; };
		046E760F1A2C08AF000FE777 /* AFURLSessionManager.h */ = {isa = PBXFileReference; fileEncoding = 4; lastKnownFileType = sourcecode.c.h; path = AFURLSessionManager.h; sourceTree = "<group>"; };
		046E76101A2C08AF000FE777 /* AFURLSessionManager.m */ = {isa = PBXFileReference; fileEncoding = 4; lastKnownFileType = sourcecode.c.objc; path = AFURLSessionManager.m; sourceTree = "<group>"; };
		046E76121A2C08AF000FE777 /* AFNetworkActivityIndicatorManager.h */ = {isa = PBXFileReference; fileEncoding = 4; lastKnownFileType = sourcecode.c.h; path = AFNetworkActivityIndicatorManager.h; sourceTree = "<group>"; };
		046E76131A2C08AF000FE777 /* AFNetworkActivityIndicatorManager.m */ = {isa = PBXFileReference; fileEncoding = 4; lastKnownFileType = sourcecode.c.objc; path = AFNetworkActivityIndicatorManager.m; sourceTree = "<group>"; };
		046E76141A2C08AF000FE777 /* UIActivityIndicatorView+AFNetworking.h */ = {isa = PBXFileReference; fileEncoding = 4; lastKnownFileType = sourcecode.c.h; path = "UIActivityIndicatorView+AFNetworking.h"; sourceTree = "<group>"; };
		046E76151A2C08AF000FE777 /* UIActivityIndicatorView+AFNetworking.m */ = {isa = PBXFileReference; fileEncoding = 4; lastKnownFileType = sourcecode.c.objc; path = "UIActivityIndicatorView+AFNetworking.m"; sourceTree = "<group>"; };
		046E76161A2C08AF000FE777 /* UIAlertView+AFNetworking.h */ = {isa = PBXFileReference; fileEncoding = 4; lastKnownFileType = sourcecode.c.h; path = "UIAlertView+AFNetworking.h"; sourceTree = "<group>"; };
		046E76171A2C08AF000FE777 /* UIAlertView+AFNetworking.m */ = {isa = PBXFileReference; fileEncoding = 4; lastKnownFileType = sourcecode.c.objc; path = "UIAlertView+AFNetworking.m"; sourceTree = "<group>"; };
		046E76181A2C08AF000FE777 /* UIButton+AFNetworking.h */ = {isa = PBXFileReference; fileEncoding = 4; lastKnownFileType = sourcecode.c.h; path = "UIButton+AFNetworking.h"; sourceTree = "<group>"; };
		046E76191A2C08AF000FE777 /* UIButton+AFNetworking.m */ = {isa = PBXFileReference; fileEncoding = 4; lastKnownFileType = sourcecode.c.objc; path = "UIButton+AFNetworking.m"; sourceTree = "<group>"; };
		046E761A1A2C08AF000FE777 /* UIImageView+AFNetworking.h */ = {isa = PBXFileReference; fileEncoding = 4; lastKnownFileType = sourcecode.c.h; path = "UIImageView+AFNetworking.h"; sourceTree = "<group>"; };
		046E761B1A2C08AF000FE777 /* UIImageView+AFNetworking.m */ = {isa = PBXFileReference; fileEncoding = 4; lastKnownFileType = sourcecode.c.objc; path = "UIImageView+AFNetworking.m"; sourceTree = "<group>"; };
		046E761C1A2C08AF000FE777 /* UIKit+AFNetworking.h */ = {isa = PBXFileReference; fileEncoding = 4; lastKnownFileType = sourcecode.c.h; path = "UIKit+AFNetworking.h"; sourceTree = "<group>"; };
		046E761D1A2C08AF000FE777 /* UIProgressView+AFNetworking.h */ = {isa = PBXFileReference; fileEncoding = 4; lastKnownFileType = sourcecode.c.h; path = "UIProgressView+AFNetworking.h"; sourceTree = "<group>"; };
		046E761E1A2C08AF000FE777 /* UIProgressView+AFNetworking.m */ = {isa = PBXFileReference; fileEncoding = 4; lastKnownFileType = sourcecode.c.objc; path = "UIProgressView+AFNetworking.m"; sourceTree = "<group>"; };
		046E761F1A2C08AF000FE777 /* UIRefreshControl+AFNetworking.h */ = {isa = PBXFileReference; fileEncoding = 4; lastKnownFileType = sourcecode.c.h; path = "UIRefreshControl+AFNetworking.h"; sourceTree = "<group>"; };
		046E76201A2C08AF000FE777 /* UIRefreshControl+AFNetworking.m */ = {isa = PBXFileReference; fileEncoding = 4; lastKnownFileType = sourcecode.c.objc; path = "UIRefreshControl+AFNetworking.m"; sourceTree = "<group>"; };
		046E76211A2C08AF000FE777 /* UIWebView+AFNetworking.h */ = {isa = PBXFileReference; fileEncoding = 4; lastKnownFileType = sourcecode.c.h; path = "UIWebView+AFNetworking.h"; sourceTree = "<group>"; };
		046E76221A2C08AF000FE777 /* UIWebView+AFNetworking.m */ = {isa = PBXFileReference; fileEncoding = 4; lastKnownFileType = sourcecode.c.objc; path = "UIWebView+AFNetworking.m"; sourceTree = "<group>"; };
		046E76351A2C08C0000FE777 /* MJRefresh.bundle */ = {isa = PBXFileReference; lastKnownFileType = "wrapper.plug-in"; path = MJRefresh.bundle; sourceTree = "<group>"; };
		046E76361A2C08C0000FE777 /* MJRefresh.h */ = {isa = PBXFileReference; fileEncoding = 4; lastKnownFileType = sourcecode.c.h; path = MJRefresh.h; sourceTree = "<group>"; };
		046E76371A2C08C0000FE777 /* MJRefreshBaseView.h */ = {isa = PBXFileReference; fileEncoding = 4; lastKnownFileType = sourcecode.c.h; path = MJRefreshBaseView.h; sourceTree = "<group>"; };
		046E76381A2C08C0000FE777 /* MJRefreshBaseView.m */ = {isa = PBXFileReference; fileEncoding = 4; lastKnownFileType = sourcecode.c.objc; path = MJRefreshBaseView.m; sourceTree = "<group>"; };
		046E76391A2C08C0000FE777 /* MJRefreshConst.h */ = {isa = PBXFileReference; fileEncoding = 4; lastKnownFileType = sourcecode.c.h; path = MJRefreshConst.h; sourceTree = "<group>"; };
		046E763A1A2C08C0000FE777 /* MJRefreshConst.m */ = {isa = PBXFileReference; fileEncoding = 4; lastKnownFileType = sourcecode.c.objc; path = MJRefreshConst.m; sourceTree = "<group>"; };
		046E763B1A2C08C0000FE777 /* MJRefreshFooterView.h */ = {isa = PBXFileReference; fileEncoding = 4; lastKnownFileType = sourcecode.c.h; path = MJRefreshFooterView.h; sourceTree = "<group>"; };
		046E763C1A2C08C0000FE777 /* MJRefreshFooterView.m */ = {isa = PBXFileReference; fileEncoding = 4; lastKnownFileType = sourcecode.c.objc; path = MJRefreshFooterView.m; sourceTree = "<group>"; };
		046E763D1A2C08C0000FE777 /* MJRefreshHeaderView.h */ = {isa = PBXFileReference; fileEncoding = 4; lastKnownFileType = sourcecode.c.h; path = MJRefreshHeaderView.h; sourceTree = "<group>"; };
		046E763E1A2C08C0000FE777 /* MJRefreshHeaderView.m */ = {isa = PBXFileReference; fileEncoding = 4; lastKnownFileType = sourcecode.c.objc; path = MJRefreshHeaderView.m; sourceTree = "<group>"; };
		046E763F1A2C08C0000FE777 /* UIScrollView+MJExtension.h */ = {isa = PBXFileReference; fileEncoding = 4; lastKnownFileType = sourcecode.c.h; path = "UIScrollView+MJExtension.h"; sourceTree = "<group>"; };
		046E76401A2C08C0000FE777 /* UIScrollView+MJExtension.m */ = {isa = PBXFileReference; fileEncoding = 4; lastKnownFileType = sourcecode.c.objc; path = "UIScrollView+MJExtension.m"; sourceTree = "<group>"; };
		046E76411A2C08C0000FE777 /* UIScrollView+MJRefresh.h */ = {isa = PBXFileReference; fileEncoding = 4; lastKnownFileType = sourcecode.c.h; path = "UIScrollView+MJRefresh.h"; sourceTree = "<group>"; };
		046E76421A2C08C0000FE777 /* UIScrollView+MJRefresh.m */ = {isa = PBXFileReference; fileEncoding = 4; lastKnownFileType = sourcecode.c.objc; path = "UIScrollView+MJRefresh.m"; sourceTree = "<group>"; };
		046E76431A2C08C0000FE777 /* UIView+MJExtension.h */ = {isa = PBXFileReference; fileEncoding = 4; lastKnownFileType = sourcecode.c.h; path = "UIView+MJExtension.h"; sourceTree = "<group>"; };
		046E76441A2C08C0000FE777 /* UIView+MJExtension.m */ = {isa = PBXFileReference; fileEncoding = 4; lastKnownFileType = sourcecode.c.objc; path = "UIView+MJExtension.m"; sourceTree = "<group>"; };
		046E76521A2C0A2F000FE777 /* MBProgressHUD.h */ = {isa = PBXFileReference; fileEncoding = 4; lastKnownFileType = sourcecode.c.h; path = MBProgressHUD.h; sourceTree = "<group>"; };
		046E76531A2C0A2F000FE777 /* MBProgressHUD.m */ = {isa = PBXFileReference; fileEncoding = 4; lastKnownFileType = sourcecode.c.objc; path = MBProgressHUD.m; sourceTree = "<group>"; };
		046E76561A2C0A37000FE777 /* FMDatabase.h */ = {isa = PBXFileReference; fileEncoding = 4; lastKnownFileType = sourcecode.c.h; path = FMDatabase.h; sourceTree = "<group>"; };
		046E76571A2C0A37000FE777 /* FMDatabase.m */ = {isa = PBXFileReference; fileEncoding = 4; lastKnownFileType = sourcecode.c.objc; path = FMDatabase.m; sourceTree = "<group>"; };
		046E76581A2C0A37000FE777 /* FMDatabaseAdditions.h */ = {isa = PBXFileReference; fileEncoding = 4; lastKnownFileType = sourcecode.c.h; path = FMDatabaseAdditions.h; sourceTree = "<group>"; };
		046E76591A2C0A37000FE777 /* FMDatabaseAdditions.m */ = {isa = PBXFileReference; fileEncoding = 4; lastKnownFileType = sourcecode.c.objc; path = FMDatabaseAdditions.m; sourceTree = "<group>"; };
		046E765A1A2C0A37000FE777 /* FMDatabasePool.h */ = {isa = PBXFileReference; fileEncoding = 4; lastKnownFileType = sourcecode.c.h; path = FMDatabasePool.h; sourceTree = "<group>"; };
		046E765B1A2C0A37000FE777 /* FMDatabasePool.m */ = {isa = PBXFileReference; fileEncoding = 4; lastKnownFileType = sourcecode.c.objc; path = FMDatabasePool.m; sourceTree = "<group>"; };
		046E765C1A2C0A37000FE777 /* FMDatabaseQueue.h */ = {isa = PBXFileReference; fileEncoding = 4; lastKnownFileType = sourcecode.c.h; path = FMDatabaseQueue.h; sourceTree = "<group>"; };
		046E765D1A2C0A37000FE777 /* FMDatabaseQueue.m */ = {isa = PBXFileReference; fileEncoding = 4; lastKnownFileType = sourcecode.c.objc; path = FMDatabaseQueue.m; sourceTree = "<group>"; };
		046E765E1A2C0A37000FE777 /* FMDB.h */ = {isa = PBXFileReference; fileEncoding = 4; lastKnownFileType = sourcecode.c.h; path = FMDB.h; sourceTree = "<group>"; };
		046E765F1A2C0A37000FE777 /* FMResultSet.h */ = {isa = PBXFileReference; fileEncoding = 4; lastKnownFileType = sourcecode.c.h; path = FMResultSet.h; sourceTree = "<group>"; };
		046E76601A2C0A37000FE777 /* FMResultSet.m */ = {isa = PBXFileReference; fileEncoding = 4; lastKnownFileType = sourcecode.c.objc; path = FMResultSet.m; sourceTree = "<group>"; };
		046E76661A2C0A49000FE777 /* libsqlite3.dylib */ = {isa = PBXFileReference; lastKnownFileType = "compiled.mach-o.dylib"; name = libsqlite3.dylib; path = usr/lib/libsqlite3.dylib; sourceTree = SDKROOT; };
		046E76681A2C121E000FE777 /* LJTabBarController.h */ = {isa = PBXFileReference; fileEncoding = 4; lastKnownFileType = sourcecode.c.h; path = LJTabBarController.h; sourceTree = "<group>"; };
		046E76691A2C121E000FE777 /* LJTabBarController.m */ = {isa = PBXFileReference; fileEncoding = 4; lastKnownFileType = sourcecode.c.objc; path = LJTabBarController.m; sourceTree = "<group>"; };
		046E766B1A2C1251000FE777 /* LJTabBar.h */ = {isa = PBXFileReference; fileEncoding = 4; lastKnownFileType = sourcecode.c.h; path = LJTabBar.h; sourceTree = "<group>"; };
		046E766C1A2C1251000FE777 /* LJTabBar.m */ = {isa = PBXFileReference; fileEncoding = 4; lastKnownFileType = sourcecode.c.objc; path = LJTabBar.m; sourceTree = "<group>"; };
		046E76711A2C131C000FE777 /* LJTabButton.h */ = {isa = PBXFileReference; fileEncoding = 4; lastKnownFileType = sourcecode.c.h; path = LJTabButton.h; sourceTree = "<group>"; };
		046E76721A2C131C000FE777 /* LJTabButton.m */ = {isa = PBXFileReference; fileEncoding = 4; lastKnownFileType = sourcecode.c.objc; path = LJTabButton.m; sourceTree = "<group>"; };
		046E76741A2C188D000FE777 /* LJCommonHeader.h */ = {isa = PBXFileReference; lastKnownFileType = sourcecode.c.h; path = LJCommonHeader.h; sourceTree = "<group>"; };
		046E767B1A2C1AC6000FE777 /* LJNewsViewController.h */ = {isa = PBXFileReference; fileEncoding = 4; lastKnownFileType = sourcecode.c.h; path = LJNewsViewController.h; sourceTree = "<group>"; };
		046E767C1A2C1AC6000FE777 /* LJNewsViewController.m */ = {isa = PBXFileReference; fileEncoding = 4; lastKnownFileType = sourcecode.c.objc; path = LJNewsViewController.m; sourceTree = "<group>"; };
		046E767E1A2C1ADF000FE777 /* LJBBSViewController.h */ = {isa = PBXFileReference; fileEncoding = 4; lastKnownFileType = sourcecode.c.h; path = LJBBSViewController.h; sourceTree = "<group>"; };
		046E767F1A2C1ADF000FE777 /* LJBBSViewController.m */ = {isa = PBXFileReference; fileEncoding = 4; lastKnownFileType = sourcecode.c.objc; path = LJBBSViewController.m; sourceTree = "<group>"; };
		046E76821A2C1AF4000FE777 /* LJPhotoVIewController.h */ = {isa = PBXFileReference; fileEncoding = 4; lastKnownFileType = sourcecode.c.h; path = LJPhotoVIewController.h; sourceTree = "<group>"; };
		046E76831A2C1AF4000FE777 /* LJPhotoVIewController.m */ = {isa = PBXFileReference; fileEncoding = 4; lastKnownFileType = sourcecode.c.objc; path = LJPhotoVIewController.m; sourceTree = "<group>"; };
		046E76851A2C1B02000FE777 /* LJProductViewController.h */ = {isa = PBXFileReference; fileEncoding = 4; lastKnownFileType = sourcecode.c.h; path = LJProductViewController.h; sourceTree = "<group>"; };
		046E76861A2C1B02000FE777 /* LJProductViewController.m */ = {isa = PBXFileReference; fileEncoding = 4; lastKnownFileType = sourcecode.c.objc; path = LJProductViewController.m; sourceTree = "<group>"; };
		046E76881A2C1B1B000FE777 /* LJSpecialViewController.h */ = {isa = PBXFileReference; fileEncoding = 4; lastKnownFileType = sourcecode.c.h; path = LJSpecialViewController.h; sourceTree = "<group>"; };
		046E76891A2C1B1B000FE777 /* LJSpecialViewController.m */ = {isa = PBXFileReference; fileEncoding = 4; lastKnownFileType = sourcecode.c.objc; path = LJSpecialViewController.m; sourceTree = "<group>"; };
		046E768C1A2C25EE000FE777 /* pconline_v4_bbs_forum_tree4inch.json */ = {isa = PBXFileReference; fileEncoding = 4; lastKnownFileType = text.json; path = pconline_v4_bbs_forum_tree4inch.json; sourceTree = "<group>"; };
		046E768D1A2C25EE000FE777 /* pconline_v4_cms_iphone_channel_tree4inch.json */ = {isa = PBXFileReference; fileEncoding = 4; lastKnownFileType = text.json; path = pconline_v4_cms_iphone_channel_tree4inch.json; sourceTree = "<group>"; };
		046E768E1A2C25EE000FE777 /* pconline_v4_square_fast_forum4inch.json */ = {isa = PBXFileReference; fileEncoding = 4; lastKnownFileType = text.json; path = pconline_v4_square_fast_forum4inch.json; sourceTree = "<group>"; };
		046E768F1A2C25EE000FE777 /* PCOnlineProductDatas4inch.json */ = {isa = PBXFileReference; fileEncoding = 4; lastKnownFileType = text.json; path = PCOnlineProductDatas4inch.json; sourceTree = "<group>"; };
		046E76911A2C25EE000FE777 /* pconline_v4_bbs_forum_tree.json */ = {isa = PBXFileReference; fileEncoding = 4; lastKnownFileType = text.json; path = pconline_v4_bbs_forum_tree.json; sourceTree = "<group>"; };
		046E76921A2C25EE000FE777 /* pconline_v4_cms_iphone_channel_tree.json */ = {isa = PBXFileReference; fileEncoding = 4; lastKnownFileType = text.json; path = pconline_v4_cms_iphone_channel_tree.json; sourceTree = "<group>"; };
		046E76931A2C25EE000FE777 /* pconline_v4_square_fast_forum.json */ = {isa = PBXFileReference; fileEncoding = 4; lastKnownFileType = text.json; path = pconline_v4_square_fast_forum.json; sourceTree = "<group>"; };
		046E76941A2C25EE000FE777 /* PCOnlineProductDatas.json */ = {isa = PBXFileReference; fileEncoding = 4; lastKnownFileType = text.json; path = PCOnlineProductDatas.json; sourceTree = "<group>"; };
		047D6A6E1A2C291000EB3B64 /* LJNavController.h */ = {isa = PBXFileReference; fileEncoding = 4; lastKnownFileType = sourcecode.c.h; path = LJNavController.h; sourceTree = "<group>"; };
		047D6A6F1A2C291000EB3B64 /* LJNavController.m */ = {isa = PBXFileReference; fileEncoding = 4; lastKnownFileType = sourcecode.c.objc; path = LJNavController.m; sourceTree = "<group>"; };
		047D6A721A2C2B6A00EB3B64 /* PPRevealSideViewController.h */ = {isa = PBXFileReference; fileEncoding = 4; lastKnownFileType = sourcecode.c.h; path = PPRevealSideViewController.h; sourceTree = "<group>"; };
		047D6A731A2C2B6A00EB3B64 /* PPRevealSideViewController.m */ = {isa = PBXFileReference; fileEncoding = 4; lastKnownFileType = sourcecode.c.objc; path = PPRevealSideViewController.m; sourceTree = "<group>"; };
		047D6A761A2C2F2500EB3B64 /* LJUserSettingViewController.h */ = {isa = PBXFileReference; fileEncoding = 4; lastKnownFileType = sourcecode.c.h; path = LJUserSettingViewController.h; sourceTree = "<group>"; };
		047D6A771A2C2F2500EB3B64 /* LJUserSettingViewController.m */ = {isa = PBXFileReference; fileEncoding = 4; lastKnownFileType = sourcecode.c.objc; path = LJUserSettingViewController.m; sourceTree = "<group>"; };
		047D6A7E1A2C4DA600EB3B64 /* LJBaseViewController.h */ = {isa = PBXFileReference; fileEncoding = 4; lastKnownFileType = sourcecode.c.h; path = LJBaseViewController.h; sourceTree = "<group>"; };
		047D6A7F1A2C4DA600EB3B64 /* LJBaseViewController.m */ = {isa = PBXFileReference; fileEncoding = 4; lastKnownFileType = sourcecode.c.objc; path = LJBaseViewController.m; sourceTree = "<group>"; };
		047D6A811A2C548F00EB3B64 /* UIImage+MyImage.h */ = {isa = PBXFileReference; fileEncoding = 4; lastKnownFileType = sourcecode.c.h; path = "UIImage+MyImage.h"; sourceTree = "<group>"; };
		047D6A821A2C548F00EB3B64 /* UIImage+MyImage.m */ = {isa = PBXFileReference; fileEncoding = 4; lastKnownFileType = sourcecode.c.objc; path = "UIImage+MyImage.m"; sourceTree = "<group>"; };
		047D6A861A2C66C700EB3B64 /* LJSubjectView.h */ = {isa = PBXFileReference; fileEncoding = 4; lastKnownFileType = sourcecode.c.h; path = LJSubjectView.h; sourceTree = "<group>"; };
		047D6A871A2C66C700EB3B64 /* LJSubjectView.m */ = {isa = PBXFileReference; fileEncoding = 4; lastKnownFileType = sourcecode.c.objc; path = LJSubjectView.m; sourceTree = "<group>"; };
		047D6A891A2C6FE500EB3B64 /* LJUrlHeader.h */ = {isa = PBXFileReference; lastKnownFileType = sourcecode.c.h; path = LJUrlHeader.h; sourceTree = "<group>"; };
		047D6A8A1A2C718000EB3B64 /* LJSubject.h */ = {isa = PBXFileReference; fileEncoding = 4; lastKnownFileType = sourcecode.c.h; path = LJSubject.h; sourceTree = "<group>"; };
		047D6A8B1A2C718000EB3B64 /* LJSubject.m */ = {isa = PBXFileReference; fileEncoding = 4; lastKnownFileType = sourcecode.c.objc; path = LJSubject.m; sourceTree = "<group>"; };
		047D6A8D1A2C71A500EB3B64 /* LJNews.h */ = {isa = PBXFileReference; fileEncoding = 4; lastKnownFileType = sourcecode.c.h; path = LJNews.h; sourceTree = "<group>"; };
		047D6A8E1A2C71A500EB3B64 /* LJNews.m */ = {isa = PBXFileReference; fileEncoding = 4; lastKnownFileType = sourcecode.c.objc; path = LJNews.m; sourceTree = "<group>"; };
		047D6A901A2C73D300EB3B64 /* LJCommonData.h */ = {isa = PBXFileReference; fileEncoding = 4; lastKnownFileType = sourcecode.c.h; path = LJCommonData.h; sourceTree = "<group>"; };
		047D6A911A2C73D300EB3B64 /* LJCommonData.m */ = {isa = PBXFileReference; fileEncoding = 4; lastKnownFileType = sourcecode.c.objc; path = LJCommonData.m; sourceTree = "<group>"; };
		047D6A931A2C837E00EB3B64 /* LJNetWorking.h */ = {isa = PBXFileReference; fileEncoding = 4; lastKnownFileType = sourcecode.c.h; path = LJNetWorking.h; sourceTree = "<group>"; };
		047D6A941A2C837E00EB3B64 /* LJNetWorking.m */ = {isa = PBXFileReference; fileEncoding = 4; lastKnownFileType = sourcecode.c.objc; path = LJNetWorking.m; sourceTree = "<group>"; };
		047D6A961A2C933500EB3B64 /* LJArea.h */ = {isa = PBXFileReference; fileEncoding = 4; lastKnownFileType = sourcecode.c.h; path = LJArea.h; sourceTree = "<group>"; };
		047D6A971A2C933500EB3B64 /* LJArea.m */ = {isa = PBXFileReference; fileEncoding = 4; lastKnownFileType = sourcecode.c.objc; path = LJArea.m; sourceTree = "<group>"; };
		04C711C51A2D5304009705DF /* LJAds.h */ = {isa = PBXFileReference; fileEncoding = 4; lastKnownFileType = sourcecode.c.h; path = LJAds.h; sourceTree = "<group>"; };
		04C711C61A2D5304009705DF /* LJAds.m */ = {isa = PBXFileReference; fileEncoding = 4; lastKnownFileType = sourcecode.c.objc; path = LJAds.m; sourceTree = "<group>"; };
		04C711C91A2D56DF009705DF /* MKAnnotationView+WebCache.h */ = {isa = PBXFileReference; fileEncoding = 4; lastKnownFileType = sourcecode.c.h; path = "MKAnnotationView+WebCache.h"; sourceTree = "<group>"; };
		04C711CA1A2D56DF009705DF /* MKAnnotationView+WebCache.m */ = {isa = PBXFileReference; fileEncoding = 4; lastKnownFileType = sourcecode.c.objc; path = "MKAnnotationView+WebCache.m"; sourceTree = "<group>"; };
		04C711CB1A2D56DF009705DF /* NSData+ImageContentType.h */ = {isa = PBXFileReference; fileEncoding = 4; lastKnownFileType = sourcecode.c.h; path = "NSData+ImageContentType.h"; sourceTree = "<group>"; };
		04C711CC1A2D56DF009705DF /* NSData+ImageContentType.m */ = {isa = PBXFileReference; fileEncoding = 4; lastKnownFileType = sourcecode.c.objc; path = "NSData+ImageContentType.m"; sourceTree = "<group>"; };
		04C711CD1A2D56DF009705DF /* SDImageCache.h */ = {isa = PBXFileReference; fileEncoding = 4; lastKnownFileType = sourcecode.c.h; path = SDImageCache.h; sourceTree = "<group>"; };
		04C711CE1A2D56DF009705DF /* SDImageCache.m */ = {isa = PBXFileReference; fileEncoding = 4; lastKnownFileType = sourcecode.c.objc; path = SDImageCache.m; sourceTree = "<group>"; };
		04C711CF1A2D56DF009705DF /* SDWebImageCompat.h */ = {isa = PBXFileReference; fileEncoding = 4; lastKnownFileType = sourcecode.c.h; path = SDWebImageCompat.h; sourceTree = "<group>"; };
		04C711D01A2D56DF009705DF /* SDWebImageCompat.m */ = {isa = PBXFileReference; fileEncoding = 4; lastKnownFileType = sourcecode.c.objc; path = SDWebImageCompat.m; sourceTree = "<group>"; };
		04C711D11A2D56DF009705DF /* SDWebImageDecoder.h */ = {isa = PBXFileReference; fileEncoding = 4; lastKnownFileType = sourcecode.c.h; path = SDWebImageDecoder.h; sourceTree = "<group>"; };
		04C711D21A2D56DF009705DF /* SDWebImageDecoder.m */ = {isa = PBXFileReference; fileEncoding = 4; lastKnownFileType = sourcecode.c.objc; path = SDWebImageDecoder.m; sourceTree = "<group>"; };
		04C711D31A2D56DF009705DF /* SDWebImageDownloader.h */ = {isa = PBXFileReference; fileEncoding = 4; lastKnownFileType = sourcecode.c.h; path = SDWebImageDownloader.h; sourceTree = "<group>"; };
		04C711D41A2D56DF009705DF /* SDWebImageDownloader.m */ = {isa = PBXFileReference; fileEncoding = 4; lastKnownFileType = sourcecode.c.objc; path = SDWebImageDownloader.m; sourceTree = "<group>"; };
		04C711D51A2D56DF009705DF /* SDWebImageDownloaderOperation.h */ = {isa = PBXFileReference; fileEncoding = 4; lastKnownFileType = sourcecode.c.h; path = SDWebImageDownloaderOperation.h; sourceTree = "<group>"; };
		04C711D61A2D56DF009705DF /* SDWebImageDownloaderOperation.m */ = {isa = PBXFileReference; fileEncoding = 4; lastKnownFileType = sourcecode.c.objc; path = SDWebImageDownloaderOperation.m; sourceTree = "<group>"; };
		04C711D71A2D56DF009705DF /* SDWebImageManager.h */ = {isa = PBXFileReference; fileEncoding = 4; lastKnownFileType = sourcecode.c.h; path = SDWebImageManager.h; sourceTree = "<group>"; };
		04C711D81A2D56DF009705DF /* SDWebImageManager.m */ = {isa = PBXFileReference; fileEncoding = 4; lastKnownFileType = sourcecode.c.objc; path = SDWebImageManager.m; sourceTree = "<group>"; };
		04C711D91A2D56DF009705DF /* SDWebImageOperation.h */ = {isa = PBXFileReference; fileEncoding = 4; lastKnownFileType = sourcecode.c.h; path = SDWebImageOperation.h; sourceTree = "<group>"; };
		04C711DA1A2D56DF009705DF /* SDWebImagePrefetcher.h */ = {isa = PBXFileReference; fileEncoding = 4; lastKnownFileType = sourcecode.c.h; path = SDWebImagePrefetcher.h; sourceTree = "<group>"; };
		04C711DB1A2D56DF009705DF /* SDWebImagePrefetcher.m */ = {isa = PBXFileReference; fileEncoding = 4; lastKnownFileType = sourcecode.c.objc; path = SDWebImagePrefetcher.m; sourceTree = "<group>"; };
		04C711DC1A2D56DF009705DF /* UIButton+WebCache.h */ = {isa = PBXFileReference; fileEncoding = 4; lastKnownFileType = sourcecode.c.h; path = "UIButton+WebCache.h"; sourceTree = "<group>"; };
		04C711DD1A2D56DF009705DF /* UIButton+WebCache.m */ = {isa = PBXFileReference; fileEncoding = 4; lastKnownFileType = sourcecode.c.objc; path = "UIButton+WebCache.m"; sourceTree = "<group>"; };
		04C711DE1A2D56DF009705DF /* UIImage+GIF.h */ = {isa = PBXFileReference; fileEncoding = 4; lastKnownFileType = sourcecode.c.h; path = "UIImage+GIF.h"; sourceTree = "<group>"; };
		04C711DF1A2D56DF009705DF /* UIImage+GIF.m */ = {isa = PBXFileReference; fileEncoding = 4; lastKnownFileType = sourcecode.c.objc; path = "UIImage+GIF.m"; sourceTree = "<group>"; };
		04C711E01A2D56DF009705DF /* UIImage+MultiFormat.h */ = {isa = PBXFileReference; fileEncoding = 4; lastKnownFileType = sourcecode.c.h; path = "UIImage+MultiFormat.h"; sourceTree = "<group>"; };
		04C711E11A2D56DF009705DF /* UIImage+MultiFormat.m */ = {isa = PBXFileReference; fileEncoding = 4; lastKnownFileType = sourcecode.c.objc; path = "UIImage+MultiFormat.m"; sourceTree = "<group>"; };
		04C711E21A2D56DF009705DF /* UIImage+WebP.h */ = {isa = PBXFileReference; fileEncoding = 4; lastKnownFileType = sourcecode.c.h; path = "UIImage+WebP.h"; sourceTree = "<group>"; };
		04C711E31A2D56DF009705DF /* UIImage+WebP.m */ = {isa = PBXFileReference; fileEncoding = 4; lastKnownFileType = sourcecode.c.objc; path = "UIImage+WebP.m"; sourceTree = "<group>"; };
		04C711E41A2D56DF009705DF /* UIImageView+HighlightedWebCache.h */ = {isa = PBXFileReference; fileEncoding = 4; lastKnownFileType = sourcecode.c.h; path = "UIImageView+HighlightedWebCache.h"; sourceTree = "<group>"; };
		04C711E51A2D56DF009705DF /* UIImageView+HighlightedWebCache.m */ = {isa = PBXFileReference; fileEncoding = 4; lastKnownFileType = sourcecode.c.objc; path = "UIImageView+HighlightedWebCache.m"; sourceTree = "<group>"; };
		04C711E61A2D56DF009705DF /* UIImageView+WebCache.h */ = {isa = PBXFileReference; fileEncoding = 4; lastKnownFileType = sourcecode.c.h; path = "UIImageView+WebCache.h"; sourceTree = "<group>"; };
		04C711E71A2D56DF009705DF /* UIImageView+WebCache.m */ = {isa = PBXFileReference; fileEncoding = 4; lastKnownFileType = sourcecode.c.objc; path = "UIImageView+WebCache.m"; sourceTree = "<group>"; };
		04C711E81A2D56DF009705DF /* UIView+WebCacheOperation.h */ = {isa = PBXFileReference; fileEncoding = 4; lastKnownFileType = sourcecode.c.h; path = "UIView+WebCacheOperation.h"; sourceTree = "<group>"; };
		04C711E91A2D56DF009705DF /* UIView+WebCacheOperation.m */ = {isa = PBXFileReference; fileEncoding = 4; lastKnownFileType = sourcecode.c.objc; path = "UIView+WebCacheOperation.m"; sourceTree = "<group>"; };
		04C711FA1A2D646D009705DF /* LJNewsDetailController.h */ = {isa = PBXFileReference; fileEncoding = 4; lastKnownFileType = sourcecode.c.h; path = LJNewsDetailController.h; sourceTree = "<group>"; };
		04C711FB1A2D646D009705DF /* LJNewsDetailController.m */ = {isa = PBXFileReference; fileEncoding = 4; lastKnownFileType = sourcecode.c.objc; path = LJNewsDetailController.m; sourceTree = "<group>"; };
		04C711FF1A2D9108009705DF /* LJAdsGroupView.h */ = {isa = PBXFileReference; fileEncoding = 4; lastKnownFileType = sourcecode.c.h; path = LJAdsGroupView.h; sourceTree = "<group>"; };
		04C712001A2D9108009705DF /* LJAdsGroupView.m */ = {isa = PBXFileReference; fileEncoding = 4; lastKnownFileType = sourcecode.c.objc; path = LJAdsGroupView.m; sourceTree = "<group>"; };
		04C712021A2D9318009705DF /* LJAdView.h */ = {isa = PBXFileReference; fileEncoding = 4; lastKnownFileType = sourcecode.c.h; path = LJAdView.h; sourceTree = "<group>"; };
		04C712031A2D9318009705DF /* LJAdView.m */ = {isa = PBXFileReference; fileEncoding = 4; lastKnownFileType = sourcecode.c.objc; path = LJAdView.m; sourceTree = "<group>"; };
		04C712051A2D984C009705DF /* LJBBSButtonView.h */ = {isa = PBXFileReference; fileEncoding = 4; lastKnownFileType = sourcecode.c.h; path = LJBBSButtonView.h; sourceTree = "<group>"; };
		04C712061A2D984C009705DF /* LJBBSButtonView.m */ = {isa = PBXFileReference; fileEncoding = 4; lastKnownFileType = sourcecode.c.objc; path = LJBBSButtonView.m; sourceTree = "<group>"; };
		04C712081A2DA877009705DF /* LJBBSSquareViewController.h */ = {isa = PBXFileReference; fileEncoding = 4; lastKnownFileType = sourcecode.c.h; path = LJBBSSquareViewController.h; sourceTree = "<group>"; };
		04C712091A2DA877009705DF /* LJBBSSquareViewController.m */ = {isa = PBXFileReference; fileEncoding = 4; lastKnownFileType = sourcecode.c.objc; path = LJBBSSquareViewController.m; sourceTree = "<group>"; };
		04C7120B1A2DA891009705DF /* LJBBSListViewController.h */ = {isa = PBXFileReference; fileEncoding = 4; lastKnownFileType = sourcecode.c.h; path = LJBBSListViewController.h; sourceTree = "<group>"; };
		04C7120C1A2DA891009705DF /* LJBBSListViewController.m */ = {isa = PBXFileReference; fileEncoding = 4; lastKnownFileType = sourcecode.c.objc; path = LJBBSListViewController.m; sourceTree = "<group>"; };
		04C7120E1A2DA8B9009705DF /* LJBBSRecentViewController.h */ = {isa = PBXFileReference; fileEncoding = 4; lastKnownFileType = sourcecode.c.h; path = LJBBSRecentViewController.h; sourceTree = "<group>"; };
		04C7120F1A2DA8B9009705DF /* LJBBSRecentViewController.m */ = {isa = PBXFileReference; fileEncoding = 4; lastKnownFileType = sourcecode.c.objc; path = LJBBSRecentViewController.m; sourceTree = "<group>"; };
		04C712121A2DB04D009705DF /* LJBBSAds.h */ = {isa = PBXFileReference; fileEncoding = 4; lastKnownFileType = sourcecode.c.h; path = LJBBSAds.h; sourceTree = "<group>"; };
		04C712131A2DB04D009705DF /* LJBBSAds.m */ = {isa = PBXFileReference; fileEncoding = 4; lastKnownFileType = sourcecode.c.objc; path = LJBBSAds.m; sourceTree = "<group>"; };
		04C712151A2DB421009705DF /* LJBaseAds.h */ = {isa = PBXFileReference; fileEncoding = 4; lastKnownFileType = sourcecode.c.h; path = LJBaseAds.h; sourceTree = "<group>"; };
		04C712161A2DB421009705DF /* LJBaseAds.m */ = {isa = PBXFileReference; fileEncoding = 4; lastKnownFileType = sourcecode.c.objc; path = LJBaseAds.m; sourceTree = "<group>"; };
		8894F9061A2CD4190058C76A /* LJSelectButton.h */ = {isa = PBXFileReference; fileEncoding = 4; lastKnownFileType = sourcecode.c.h; path = LJSelectButton.h; sourceTree = "<group>"; };
		8894F9071A2CD4190058C76A /* LJSelectButton.m */ = {isa = PBXFileReference; fileEncoding = 4; lastKnownFileType = sourcecode.c.objc; path = LJSelectButton.m; sourceTree = "<group>"; };
		8894F90C1A2CDF890058C76A /* NSString+MyString.h */ = {isa = PBXFileReference; fileEncoding = 4; lastKnownFileType = sourcecode.c.h; path = "NSString+MyString.h"; sourceTree = "<group>"; };
		8894F90D1A2CDF890058C76A /* NSString+MyString.m */ = {isa = PBXFileReference; fileEncoding = 4; lastKnownFileType = sourcecode.c.objc; path = "NSString+MyString.m"; sourceTree = "<group>"; };
		8894F9101A2CE77F0058C76A /* LJNewsNormalCell.h */ = {isa = PBXFileReference; fileEncoding = 4; lastKnownFileType = sourcecode.c.h; path = LJNewsNormalCell.h; sourceTree = "<group>"; };
		8894F9111A2CE77F0058C76A /* LJNewsNormalCell.m */ = {isa = PBXFileReference; fileEncoding = 4; lastKnownFileType = sourcecode.c.objc; path = LJNewsNormalCell.m; sourceTree = "<group>"; };
		8894F9131A2CE7A90058C76A /* LJNewsNormalCell.xib */ = {isa = PBXFileReference; fileEncoding = 4; lastKnownFileType = file.xib; path = LJNewsNormalCell.xib; sourceTree = "<group>"; };
/* End PBXFileReference section */

/* Begin PBXFrameworksBuildPhase section */
		046E75C21A2BF700000FE777 /* Frameworks */ = {
			isa = PBXFrameworksBuildPhase;
			buildActionMask = 2147483647;
			files = (
				046E76671A2C0A49000FE777 /* libsqlite3.dylib in Frameworks */,
			);
			runOnlyForDeploymentPostprocessing = 0;
		};
		046E75DB1A2BF700000FE777 /* Frameworks */ = {
			isa = PBXFrameworksBuildPhase;
			buildActionMask = 2147483647;
			files = (
			);
			runOnlyForDeploymentPostprocessing = 0;
		};
/* End PBXFrameworksBuildPhase section */

/* Begin PBXGroup section */
		046E75BC1A2BF700000FE777 = {
			isa = PBXGroup;
			children = (
				046E76661A2C0A49000FE777 /* libsqlite3.dylib */,
				046E75C71A2BF700000FE777 /* Project_PCOnline */,
				046E75E11A2BF700000FE777 /* Project_PCOnlineTests */,
				046E75C61A2BF700000FE777 /* Products */,
			);
			sourceTree = "<group>";
		};
		046E75C61A2BF700000FE777 /* Products */ = {
			isa = PBXGroup;
			children = (
				046E75C51A2BF700000FE777 /* Project_PCOnline.app */,
				046E75DE1A2BF700000FE777 /* Project_PCOnlineTests.xctest */,
			);
			name = Products;
			sourceTree = "<group>";
		};
		046E75C71A2BF700000FE777 /* Project_PCOnline */ = {
			isa = PBXGroup;
			children = (
				046E75EF1A2BF71D000FE777 /* Classes */,
				046E75EE1A2BF717000FE777 /* Other */,
			);
			path = Project_PCOnline;
			sourceTree = "<group>";
		};
		046E75C81A2BF700000FE777 /* Supporting Files */ = {
			isa = PBXGroup;
			children = (
				046E75C91A2BF700000FE777 /* Info.plist */,
				046E75CA1A2BF700000FE777 /* main.m */,
			);
			name = "Supporting Files";
			sourceTree = "<group>";
		};
		046E75E11A2BF700000FE777 /* Project_PCOnlineTests */ = {
			isa = PBXGroup;
			children = (
				046E75E41A2BF700000FE777 /* Project_PCOnlineTests.m */,
				046E75E21A2BF700000FE777 /* Supporting Files */,
			);
			path = Project_PCOnlineTests;
			sourceTree = "<group>";
		};
		046E75E21A2BF700000FE777 /* Supporting Files */ = {
			isa = PBXGroup;
			children = (
				046E75E31A2BF700000FE777 /* Info.plist */,
			);
			name = "Supporting Files";
			sourceTree = "<group>";
		};
		046E75EE1A2BF717000FE777 /* Other */ = {
			isa = PBXGroup;
			children = (
				046E768B1A2C25EE000FE777 /* 4inchconfigs */,
				046E76901A2C25EE000FE777 /* configs */,
				046E75D21A2BF700000FE777 /* Main.storyboard */,
				046E75D51A2BF700000FE777 /* Images.xcassets */,
				046E75D71A2BF700000FE777 /* LaunchScreen.xib */,
				046E75C81A2BF700000FE777 /* Supporting Files */,
			);
			name = Other;
			sourceTree = "<group>";
		};
		046E75EF1A2BF71D000FE777 /* Classes */ = {
			isa = PBXGroup;
			children = (
				046E76501A2C09E0000FE777 /* User(用户设置) */,
				046E75FB1A2BF7DD000FE777 /* Special(专栏） */,
				046E75FA1A2BF7D2000FE777 /* Product(找产品) */,
				046E75F91A2BF7C6000FE777 /* Photo(图赏) */,
				046E75F81A2BF7AD000FE777 /* BBS(论坛) */,
				046E75F71A2BF7A0000FE777 /* News(资讯) */,
				046E75F61A2BF799000FE777 /* Main */,
				046E75F01A2BF734000FE777 /* Common */,
			);
			name = Classes;
			sourceTree = "<group>";
		};
		046E75F01A2BF734000FE777 /* Common */ = {
			isa = PBXGroup;
			children = (
				047D6A791A2C481000EB3B64 /* Category */,
				046E75F51A2BF789000FE777 /* Utilities */,
				046E75F21A2BF740000FE777 /* Other */,
				046E75F11A2BF73B000FE777 /* Lib */,
			);
			name = Common;
			sourceTree = "<group>";
		};
		046E75F11A2BF73B000FE777 /* Lib */ = {
			isa = PBXGroup;
			children = (
				04C711C81A2D56DF009705DF /* SDWebImage */,
				047D6A711A2C2B6A00EB3B64 /* PPRevealSideviewController */,
				046E76551A2C0A37000FE777 /* fmdb */,
				046E76511A2C0A2F000FE777 /* ProgressHUD */,
				046E76341A2C08C0000FE777 /* MJRefresh */,
				046E75FC1A2C08AF000FE777 /* AFNetworking */,
			);
			name = Lib;
			sourceTree = "<group>";
		};
		046E75F21A2BF740000FE777 /* Other */ = {
			isa = PBXGroup;
			children = (
				046E75CC1A2BF700000FE777 /* AppDelegate.h */,
				046E75CD1A2BF700000FE777 /* AppDelegate.m */,
				046E76741A2C188D000FE777 /* LJCommonHeader.h */,
				047D6A891A2C6FE500EB3B64 /* LJUrlHeader.h */,
			);
			name = Other;
			sourceTree = "<group>";
		};
		046E75F51A2BF789000FE777 /* Utilities */ = {
			isa = PBXGroup;
			children = (
				047D6A901A2C73D300EB3B64 /* LJCommonData.h */,
				047D6A911A2C73D300EB3B64 /* LJCommonData.m */,
				047D6A931A2C837E00EB3B64 /* LJNetWorking.h */,
				047D6A941A2C837E00EB3B64 /* LJNetWorking.m */,
			);
			name = Utilities;
			sourceTree = "<group>";
		};
		046E75F61A2BF799000FE777 /* Main */ = {
			isa = PBXGroup;
			children = (
				046E764F1A2C09DA000FE777 /* Controller */,
				046E764E1A2C09D5000FE777 /* Model */,
				046E764D1A2C09CF000FE777 /* View */,
			);
			name = Main;
			sourceTree = "<group>";
		};
		046E75F71A2BF7A0000FE777 /* News(资讯) */ = {
			isa = PBXGroup;
			children = (
				047D6A851A2C654800EB3B64 /* Model */,
				047D6A841A2C654300EB3B64 /* View */,
				046E76751A2C1A63000FE777 /* Controller */,
			);
			name = "News(资讯)";
			sourceTree = "<group>";
		};
		046E75F81A2BF7AD000FE777 /* BBS(论坛) */ = {
			isa = PBXGroup;
			children = (
				04C711FE1A2D90C3009705DF /* Model */,
				04C711FD1A2D90BE009705DF /* View */,
				046E76761A2C1A68000FE777 /* Controller */,
			);
			name = "BBS(论坛)";
			sourceTree = "<group>";
		};
		046E75F91A2BF7C6000FE777 /* Photo(图赏) */ = {
			isa = PBXGroup;
			children = (
				046E76771A2C1A6C000FE777 /* Controller */,
			);
			name = "Photo(图赏)";
			sourceTree = "<group>";
		};
		046E75FA1A2BF7D2000FE777 /* Product(找产品) */ = {
			isa = PBXGroup;
			children = (
				046E76781A2C1A72000FE777 /* Controller */,
			);
			name = "Product(找产品)";
			sourceTree = "<group>";
		};
		046E75FB1A2BF7DD000FE777 /* Special(专栏） */ = {
			isa = PBXGroup;
			children = (
				046E76791A2C1A77000FE777 /* Controller */,
			);
			name = "Special(专栏）";
			sourceTree = "<group>";
		};
		046E75FC1A2C08AF000FE777 /* AFNetworking */ = {
			isa = PBXGroup;
			children = (
				046E75FD1A2C08AF000FE777 /* AFNetworking */,
				046E76111A2C08AF000FE777 /* UIKit+AFNetworking */,
			);
			path = AFNetworking;
			sourceTree = "<group>";
		};
		046E75FD1A2C08AF000FE777 /* AFNetworking */ = {
			isa = PBXGroup;
			children = (
				046E75FE1A2C08AF000FE777 /* AFHTTPRequestOperation.h */,
				046E75FF1A2C08AF000FE777 /* AFHTTPRequestOperation.m */,
				046E76001A2C08AF000FE777 /* AFHTTPRequestOperationManager.h */,
				046E76011A2C08AF000FE777 /* AFHTTPRequestOperationManager.m */,
				046E76021A2C08AF000FE777 /* AFHTTPSessionManager.h */,
				046E76031A2C08AF000FE777 /* AFHTTPSessionManager.m */,
				046E76041A2C08AF000FE777 /* AFNetworking.h */,
				046E76051A2C08AF000FE777 /* AFNetworkReachabilityManager.h */,
				046E76061A2C08AF000FE777 /* AFNetworkReachabilityManager.m */,
				046E76071A2C08AF000FE777 /* AFSecurityPolicy.h */,
				046E76081A2C08AF000FE777 /* AFSecurityPolicy.m */,
				046E76091A2C08AF000FE777 /* AFURLConnectionOperation.h */,
				046E760A1A2C08AF000FE777 /* AFURLConnectionOperation.m */,
				046E760B1A2C08AF000FE777 /* AFURLRequestSerialization.h */,
				046E760C1A2C08AF000FE777 /* AFURLRequestSerialization.m */,
				046E760D1A2C08AF000FE777 /* AFURLResponseSerialization.h */,
				046E760E1A2C08AF000FE777 /* AFURLResponseSerialization.m */,
				046E760F1A2C08AF000FE777 /* AFURLSessionManager.h */,
				046E76101A2C08AF000FE777 /* AFURLSessionManager.m */,
			);
			path = AFNetworking;
			sourceTree = "<group>";
		};
		046E76111A2C08AF000FE777 /* UIKit+AFNetworking */ = {
			isa = PBXGroup;
			children = (
				046E76121A2C08AF000FE777 /* AFNetworkActivityIndicatorManager.h */,
				046E76131A2C08AF000FE777 /* AFNetworkActivityIndicatorManager.m */,
				046E76141A2C08AF000FE777 /* UIActivityIndicatorView+AFNetworking.h */,
				046E76151A2C08AF000FE777 /* UIActivityIndicatorView+AFNetworking.m */,
				046E76161A2C08AF000FE777 /* UIAlertView+AFNetworking.h */,
				046E76171A2C08AF000FE777 /* UIAlertView+AFNetworking.m */,
				046E76181A2C08AF000FE777 /* UIButton+AFNetworking.h */,
				046E76191A2C08AF000FE777 /* UIButton+AFNetworking.m */,
				046E761A1A2C08AF000FE777 /* UIImageView+AFNetworking.h */,
				046E761B1A2C08AF000FE777 /* UIImageView+AFNetworking.m */,
				046E761C1A2C08AF000FE777 /* UIKit+AFNetworking.h */,
				046E761D1A2C08AF000FE777 /* UIProgressView+AFNetworking.h */,
				046E761E1A2C08AF000FE777 /* UIProgressView+AFNetworking.m */,
				046E761F1A2C08AF000FE777 /* UIRefreshControl+AFNetworking.h */,
				046E76201A2C08AF000FE777 /* UIRefreshControl+AFNetworking.m */,
				046E76211A2C08AF000FE777 /* UIWebView+AFNetworking.h */,
				046E76221A2C08AF000FE777 /* UIWebView+AFNetworking.m */,
			);
			path = "UIKit+AFNetworking";
			sourceTree = "<group>";
		};
		046E76341A2C08C0000FE777 /* MJRefresh */ = {
			isa = PBXGroup;
			children = (
				046E76351A2C08C0000FE777 /* MJRefresh.bundle */,
				046E76361A2C08C0000FE777 /* MJRefresh.h */,
				046E76371A2C08C0000FE777 /* MJRefreshBaseView.h */,
				046E76381A2C08C0000FE777 /* MJRefreshBaseView.m */,
				046E76391A2C08C0000FE777 /* MJRefreshConst.h */,
				046E763A1A2C08C0000FE777 /* MJRefreshConst.m */,
				046E763B1A2C08C0000FE777 /* MJRefreshFooterView.h */,
				046E763C1A2C08C0000FE777 /* MJRefreshFooterView.m */,
				046E763D1A2C08C0000FE777 /* MJRefreshHeaderView.h */,
				046E763E1A2C08C0000FE777 /* MJRefreshHeaderView.m */,
				046E763F1A2C08C0000FE777 /* UIScrollView+MJExtension.h */,
				046E76401A2C08C0000FE777 /* UIScrollView+MJExtension.m */,
				046E76411A2C08C0000FE777 /* UIScrollView+MJRefresh.h */,
				046E76421A2C08C0000FE777 /* UIScrollView+MJRefresh.m */,
				046E76431A2C08C0000FE777 /* UIView+MJExtension.h */,
				046E76441A2C08C0000FE777 /* UIView+MJExtension.m */,
			);
			path = MJRefresh;
			sourceTree = "<group>";
		};
		046E764D1A2C09CF000FE777 /* View */ = {
			isa = PBXGroup;
			children = (
				8894F9061A2CD4190058C76A /* LJSelectButton.h */,
				8894F9071A2CD4190058C76A /* LJSelectButton.m */,
				046E766B1A2C1251000FE777 /* LJTabBar.h */,
				046E766C1A2C1251000FE777 /* LJTabBar.m */,
				046E76711A2C131C000FE777 /* LJTabButton.h */,
				046E76721A2C131C000FE777 /* LJTabButton.m */,
				04C711FF1A2D9108009705DF /* LJAdsGroupView.h */,
				04C712001A2D9108009705DF /* LJAdsGroupView.m */,
				04C712021A2D9318009705DF /* LJAdView.h */,
				04C712031A2D9318009705DF /* LJAdView.m */,
			);
			name = View;
			sourceTree = "<group>";
		};
		046E764E1A2C09D5000FE777 /* Model */ = {
			isa = PBXGroup;
			children = (
				04C712151A2DB421009705DF /* LJBaseAds.h */,
				04C712161A2DB421009705DF /* LJBaseAds.m */,
			);
			name = Model;
			sourceTree = "<group>";
		};
		046E764F1A2C09DA000FE777 /* Controller */ = {
			isa = PBXGroup;
			children = (
				047D6A7D1A2C4D8B00EB3B64 /* ViewController */,
				047D6A751A2C2CB500EB3B64 /* TabBarController */,
				046E769D1A2C26DA000FE777 /* NavController */,
			);
			name = Controller;
			sourceTree = "<group>";
		};
		046E76501A2C09E0000FE777 /* User(用户设置) */ = {
			isa = PBXGroup;
			children = (
				046E767A1A2C1A96000FE777 /* Controller */,
			);
			name = "User(用户设置)";
			sourceTree = "<group>";
		};
		046E76511A2C0A2F000FE777 /* ProgressHUD */ = {
			isa = PBXGroup;
			children = (
				046E76521A2C0A2F000FE777 /* MBProgressHUD.h */,
				046E76531A2C0A2F000FE777 /* MBProgressHUD.m */,
			);
			path = ProgressHUD;
			sourceTree = "<group>";
		};
		046E76551A2C0A37000FE777 /* fmdb */ = {
			isa = PBXGroup;
			children = (
				046E76561A2C0A37000FE777 /* FMDatabase.h */,
				046E76571A2C0A37000FE777 /* FMDatabase.m */,
				046E76581A2C0A37000FE777 /* FMDatabaseAdditions.h */,
				046E76591A2C0A37000FE777 /* FMDatabaseAdditions.m */,
				046E765A1A2C0A37000FE777 /* FMDatabasePool.h */,
				046E765B1A2C0A37000FE777 /* FMDatabasePool.m */,
				046E765C1A2C0A37000FE777 /* FMDatabaseQueue.h */,
				046E765D1A2C0A37000FE777 /* FMDatabaseQueue.m */,
				046E765E1A2C0A37000FE777 /* FMDB.h */,
				046E765F1A2C0A37000FE777 /* FMResultSet.h */,
				046E76601A2C0A37000FE777 /* FMResultSet.m */,
			);
			path = fmdb;
			sourceTree = "<group>";
		};
		046E76751A2C1A63000FE777 /* Controller */ = {
			isa = PBXGroup;
			children = (
				046E767B1A2C1AC6000FE777 /* LJNewsViewController.h */,
				046E767C1A2C1AC6000FE777 /* LJNewsViewController.m */,
				04C711FA1A2D646D009705DF /* LJNewsDetailController.h */,
				04C711FB1A2D646D009705DF /* LJNewsDetailController.m */,
			);
			name = Controller;
			sourceTree = "<group>";
		};
		046E76761A2C1A68000FE777 /* Controller */ = {
			isa = PBXGroup;
			children = (
				04C712111A2DA8C4009705DF /* SubController */,
				046E767E1A2C1ADF000FE777 /* LJBBSViewController.h */,
				046E767F1A2C1ADF000FE777 /* LJBBSViewController.m */,
			);
			name = Controller;
			sourceTree = "<group>";
		};
		046E76771A2C1A6C000FE777 /* Controller */ = {
			isa = PBXGroup;
			children = (
				046E76821A2C1AF4000FE777 /* LJPhotoVIewController.h */,
				046E76831A2C1AF4000FE777 /* LJPhotoVIewController.m */,
			);
			name = Controller;
			sourceTree = "<group>";
		};
		046E76781A2C1A72000FE777 /* Controller */ = {
			isa = PBXGroup;
			children = (
				046E76851A2C1B02000FE777 /* LJProductViewController.h */,
				046E76861A2C1B02000FE777 /* LJProductViewController.m */,
			);
			name = Controller;
			sourceTree = "<group>";
		};
		046E76791A2C1A77000FE777 /* Controller */ = {
			isa = PBXGroup;
			children = (
				046E76881A2C1B1B000FE777 /* LJSpecialViewController.h */,
				046E76891A2C1B1B000FE777 /* LJSpecialViewController.m */,
			);
			name = Controller;
			sourceTree = "<group>";
		};
		046E767A1A2C1A96000FE777 /* Controller */ = {
			isa = PBXGroup;
			children = (
				047D6A761A2C2F2500EB3B64 /* LJUserSettingViewController.h */,
				047D6A771A2C2F2500EB3B64 /* LJUserSettingViewController.m */,
			);
			name = Controller;
			sourceTree = "<group>";
		};
		046E768B1A2C25EE000FE777 /* 4inchconfigs */ = {
			isa = PBXGroup;
			children = (
				046E768C1A2C25EE000FE777 /* pconline_v4_bbs_forum_tree4inch.json */,
				046E768D1A2C25EE000FE777 /* pconline_v4_cms_iphone_channel_tree4inch.json */,
				046E768E1A2C25EE000FE777 /* pconline_v4_square_fast_forum4inch.json */,
				046E768F1A2C25EE000FE777 /* PCOnlineProductDatas4inch.json */,
			);
			path = 4inchconfigs;
			sourceTree = "<group>";
		};
		046E76901A2C25EE000FE777 /* configs */ = {
			isa = PBXGroup;
			children = (
				046E76911A2C25EE000FE777 /* pconline_v4_bbs_forum_tree.json */,
				046E76921A2C25EE000FE777 /* pconline_v4_cms_iphone_channel_tree.json */,
				046E76931A2C25EE000FE777 /* pconline_v4_square_fast_forum.json */,
				046E76941A2C25EE000FE777 /* PCOnlineProductDatas.json */,
			);
			path = configs;
			sourceTree = "<group>";
		};
		046E769D1A2C26DA000FE777 /* NavController */ = {
			isa = PBXGroup;
			children = (
				047D6A6E1A2C291000EB3B64 /* LJNavController.h */,
				047D6A6F1A2C291000EB3B64 /* LJNavController.m */,
			);
			name = NavController;
			sourceTree = "<group>";
		};
		047D6A711A2C2B6A00EB3B64 /* PPRevealSideviewController */ = {
			isa = PBXGroup;
			children = (
				047D6A721A2C2B6A00EB3B64 /* PPRevealSideViewController.h */,
				047D6A731A2C2B6A00EB3B64 /* PPRevealSideViewController.m */,
			);
			path = PPRevealSideviewController;
			sourceTree = "<group>";
		};
		047D6A751A2C2CB500EB3B64 /* TabBarController */ = {
			isa = PBXGroup;
			children = (
				046E76681A2C121E000FE777 /* LJTabBarController.h */,
				046E76691A2C121E000FE777 /* LJTabBarController.m */,
			);
			name = TabBarController;
			sourceTree = "<group>";
		};
		047D6A791A2C481000EB3B64 /* Category */ = {
			isa = PBXGroup;
			children = (
				047D6A811A2C548F00EB3B64 /* UIImage+MyImage.h */,
				047D6A821A2C548F00EB3B64 /* UIImage+MyImage.m */,
				8894F90C1A2CDF890058C76A /* NSString+MyString.h */,
				8894F90D1A2CDF890058C76A /* NSString+MyString.m */,
			);
			name = Category;
			sourceTree = "<group>";
		};
		047D6A7D1A2C4D8B00EB3B64 /* ViewController */ = {
			isa = PBXGroup;
			children = (
				047D6A7E1A2C4DA600EB3B64 /* LJBaseViewController.h */,
				047D6A7F1A2C4DA600EB3B64 /* LJBaseViewController.m */,
			);
			name = ViewController;
			sourceTree = "<group>";
		};
		047D6A841A2C654300EB3B64 /* View */ = {
			isa = PBXGroup;
			children = (
				8894F90F1A2CE7460058C76A /* NewsCell */,
				047D6A861A2C66C700EB3B64 /* LJSubjectView.h */,
				047D6A871A2C66C700EB3B64 /* LJSubjectView.m */,
			);
			name = View;
			sourceTree = "<group>";
		};
		047D6A851A2C654800EB3B64 /* Model */ = {
			isa = PBXGroup;
			children = (
				047D6A8A1A2C718000EB3B64 /* LJSubject.h */,
				047D6A8B1A2C718000EB3B64 /* LJSubject.m */,
				047D6A8D1A2C71A500EB3B64 /* LJNews.h */,
				047D6A8E1A2C71A500EB3B64 /* LJNews.m */,
				047D6A961A2C933500EB3B64 /* LJArea.h */,
				047D6A971A2C933500EB3B64 /* LJArea.m */,
				04C711C51A2D5304009705DF /* LJAds.h */,
				04C711C61A2D5304009705DF /* LJAds.m */,
			);
			name = Model;
			sourceTree = "<group>";
		};
		04C711C81A2D56DF009705DF /* SDWebImage */ = {
			isa = PBXGroup;
			children = (
				04C711C91A2D56DF009705DF /* MKAnnotationView+WebCache.h */,
				04C711CA1A2D56DF009705DF /* MKAnnotationView+WebCache.m */,
				04C711CB1A2D56DF009705DF /* NSData+ImageContentType.h */,
				04C711CC1A2D56DF009705DF /* NSData+ImageContentType.m */,
				04C711CD1A2D56DF009705DF /* SDImageCache.h */,
				04C711CE1A2D56DF009705DF /* SDImageCache.m */,
				04C711CF1A2D56DF009705DF /* SDWebImageCompat.h */,
				04C711D01A2D56DF009705DF /* SDWebImageCompat.m */,
				04C711D11A2D56DF009705DF /* SDWebImageDecoder.h */,
				04C711D21A2D56DF009705DF /* SDWebImageDecoder.m */,
				04C711D31A2D56DF009705DF /* SDWebImageDownloader.h */,
				04C711D41A2D56DF009705DF /* SDWebImageDownloader.m */,
				04C711D51A2D56DF009705DF /* SDWebImageDownloaderOperation.h */,
				04C711D61A2D56DF009705DF /* SDWebImageDownloaderOperation.m */,
				04C711D71A2D56DF009705DF /* SDWebImageManager.h */,
				04C711D81A2D56DF009705DF /* SDWebImageManager.m */,
				04C711D91A2D56DF009705DF /* SDWebImageOperation.h */,
				04C711DA1A2D56DF009705DF /* SDWebImagePrefetcher.h */,
				04C711DB1A2D56DF009705DF /* SDWebImagePrefetcher.m */,
				04C711DC1A2D56DF009705DF /* UIButton+WebCache.h */,
				04C711DD1A2D56DF009705DF /* UIButton+WebCache.m */,
				04C711DE1A2D56DF009705DF /* UIImage+GIF.h */,
				04C711DF1A2D56DF009705DF /* UIImage+GIF.m */,
				04C711E01A2D56DF009705DF /* UIImage+MultiFormat.h */,
				04C711E11A2D56DF009705DF /* UIImage+MultiFormat.m */,
				04C711E21A2D56DF009705DF /* UIImage+WebP.h */,
				04C711E31A2D56DF009705DF /* UIImage+WebP.m */,
				04C711E41A2D56DF009705DF /* UIImageView+HighlightedWebCache.h */,
				04C711E51A2D56DF009705DF /* UIImageView+HighlightedWebCache.m */,
				04C711E61A2D56DF009705DF /* UIImageView+WebCache.h */,
				04C711E71A2D56DF009705DF /* UIImageView+WebCache.m */,
				04C711E81A2D56DF009705DF /* UIView+WebCacheOperation.h */,
				04C711E91A2D56DF009705DF /* UIView+WebCacheOperation.m */,
			);
			path = SDWebImage;
			sourceTree = "<group>";
		};
		04C711FD1A2D90BE009705DF /* View */ = {
			isa = PBXGroup;
			children = (
				04C712051A2D984C009705DF /* LJBBSButtonView.h */,
				04C712061A2D984C009705DF /* LJBBSButtonView.m */,
			);
			name = View;
			sourceTree = "<group>";
		};
		04C711FE1A2D90C3009705DF /* Model */ = {
			isa = PBXGroup;
			children = (
				04C712121A2DB04D009705DF /* LJBBSAds.h */,
				04C712131A2DB04D009705DF /* LJBBSAds.m */,
			);
			name = Model;
			sourceTree = "<group>";
		};
		04C712111A2DA8C4009705DF /* SubController */ = {
			isa = PBXGroup;
			children = (
				04C712081A2DA877009705DF /* LJBBSSquareViewController.h */,
				04C712091A2DA877009705DF /* LJBBSSquareViewController.m */,
				04C7120B1A2DA891009705DF /* LJBBSListViewController.h */,
				04C7120C1A2DA891009705DF /* LJBBSListViewController.m */,
				04C7120E1A2DA8B9009705DF /* LJBBSRecentViewController.h */,
				04C7120F1A2DA8B9009705DF /* LJBBSRecentViewController.m */,
			);
			name = SubController;
			sourceTree = "<group>";
		};
		8894F90F1A2CE7460058C76A /* NewsCell */ = {
			isa = PBXGroup;
			children = (
				8894F9101A2CE77F0058C76A /* LJNewsNormalCell.h */,
				8894F9111A2CE77F0058C76A /* LJNewsNormalCell.m */,
				8894F9131A2CE7A90058C76A /* LJNewsNormalCell.xib */,
			);
			name = NewsCell;
			sourceTree = "<group>";
		};
/* End PBXGroup section */

/* Begin PBXNativeTarget section */
		046E75C41A2BF700000FE777 /* Project_PCOnline */ = {
			isa = PBXNativeTarget;
			buildConfigurationList = 046E75E81A2BF700000FE777 /* Build configuration list for PBXNativeTarget "Project_PCOnline" */;
			buildPhases = (
				046E75C11A2BF700000FE777 /* Sources */,
				046E75C21A2BF700000FE777 /* Frameworks */,
				046E75C31A2BF700000FE777 /* Resources */,
			);
			buildRules = (
			);
			dependencies = (
			);
			name = Project_PCOnline;
			productName = Project_PCOnline;
			productReference = 046E75C51A2BF700000FE777 /* Project_PCOnline.app */;
			productType = "com.apple.product-type.application";
		};
		046E75DD1A2BF700000FE777 /* Project_PCOnlineTests */ = {
			isa = PBXNativeTarget;
			buildConfigurationList = 046E75EB1A2BF700000FE777 /* Build configuration list for PBXNativeTarget "Project_PCOnlineTests" */;
			buildPhases = (
				046E75DA1A2BF700000FE777 /* Sources */,
				046E75DB1A2BF700000FE777 /* Frameworks */,
				046E75DC1A2BF700000FE777 /* Resources */,
			);
			buildRules = (
			);
			dependencies = (
				046E75E01A2BF700000FE777 /* PBXTargetDependency */,
			);
			name = Project_PCOnlineTests;
			productName = Project_PCOnlineTests;
			productReference = 046E75DE1A2BF700000FE777 /* Project_PCOnlineTests.xctest */;
			productType = "com.apple.product-type.bundle.unit-test";
		};
/* End PBXNativeTarget section */

/* Begin PBXProject section */
		046E75BD1A2BF700000FE777 /* Project object */ = {
			isa = PBXProject;
			attributes = {
				LastUpgradeCheck = 0610;
				ORGANIZATIONNAME = com.qianfeng;
				TargetAttributes = {
					046E75C41A2BF700000FE777 = {
						CreatedOnToolsVersion = 6.1;
					};
					046E75DD1A2BF700000FE777 = {
						CreatedOnToolsVersion = 6.1;
						TestTargetID = 046E75C41A2BF700000FE777;
					};
				};
			};
			buildConfigurationList = 046E75C01A2BF700000FE777 /* Build configuration list for PBXProject "Project_PCOnline" */;
			compatibilityVersion = "Xcode 3.2";
			developmentRegion = English;
			hasScannedForEncodings = 0;
			knownRegions = (
				en,
				Base,
			);
			mainGroup = 046E75BC1A2BF700000FE777;
			productRefGroup = 046E75C61A2BF700000FE777 /* Products */;
			projectDirPath = "";
			projectRoot = "";
			targets = (
				046E75C41A2BF700000FE777 /* Project_PCOnline */,
				046E75DD1A2BF700000FE777 /* Project_PCOnlineTests */,
			);
		};
/* End PBXProject section */

/* Begin PBXResourcesBuildPhase section */
		046E75C31A2BF700000FE777 /* Resources */ = {
			isa = PBXResourcesBuildPhase;
			buildActionMask = 2147483647;
			files = (
				046E75D41A2BF700000FE777 /* Main.storyboard in Resources */,
				046E75D91A2BF700000FE777 /* LaunchScreen.xib in Resources */,
				8894F9141A2CE7A90058C76A /* LJNewsNormalCell.xib in Resources */,
				046E769B1A2C25EE000FE777 /* pconline_v4_square_fast_forum.json in Resources */,
				046E76981A2C25EE000FE777 /* PCOnlineProductDatas4inch.json in Resources */,
				046E76451A2C08C0000FE777 /* MJRefresh.bundle in Resources */,
				046E75D61A2BF700000FE777 /* Images.xcassets in Resources */,
				046E76951A2C25EE000FE777 /* pconline_v4_bbs_forum_tree4inch.json in Resources */,
				046E769C1A2C25EE000FE777 /* PCOnlineProductDatas.json in Resources */,
				046E769A1A2C25EE000FE777 /* pconline_v4_cms_iphone_channel_tree.json in Resources */,
				046E76971A2C25EE000FE777 /* pconline_v4_square_fast_forum4inch.json in Resources */,
				046E76961A2C25EE000FE777 /* pconline_v4_cms_iphone_channel_tree4inch.json in Resources */,
				046E76991A2C25EE000FE777 /* pconline_v4_bbs_forum_tree.json in Resources */,
			);
			runOnlyForDeploymentPostprocessing = 0;
		};
		046E75DC1A2BF700000FE777 /* Resources */ = {
			isa = PBXResourcesBuildPhase;
			buildActionMask = 2147483647;
			files = (
			);
			runOnlyForDeploymentPostprocessing = 0;
		};
/* End PBXResourcesBuildPhase section */

/* Begin PBXSourcesBuildPhase section */
		046E75C11A2BF700000FE777 /* Sources */ = {
			isa = PBXSourcesBuildPhase;
			buildActionMask = 2147483647;
			files = (
				04C711F71A2D56DF009705DF /* UIImageView+HighlightedWebCache.m in Sources */,
				04C711F41A2D56DF009705DF /* UIImage+GIF.m in Sources */,
				046E76481A2C08C0000FE777 /* MJRefreshFooterView.m in Sources */,
				04C711EC1A2D56DF009705DF /* SDImageCache.m in Sources */,
				04C711EF1A2D56DF009705DF /* SDWebImageDownloader.m in Sources */,
				046E76291A2C08AF000FE777 /* AFURLRequestSerialization.m in Sources */,
				04C711F51A2D56DF009705DF /* UIImage+MultiFormat.m in Sources */,
				8894F9081A2CD4190058C76A /* LJSelectButton.m in Sources */,
				046E76871A2C1B02000FE777 /* LJProductViewController.m in Sources */,
				04C712041A2D9318009705DF /* LJAdView.m in Sources */,
				046E76281A2C08AF000FE777 /* AFURLConnectionOperation.m in Sources */,
				046E76611A2C0A37000FE777 /* FMDatabase.m in Sources */,
				046E762E1A2C08AF000FE777 /* UIAlertView+AFNetworking.m in Sources */,
				047D6A8F1A2C71A500EB3B64 /* LJNews.m in Sources */,
				047D6A831A2C548F00EB3B64 /* UIImage+MyImage.m in Sources */,
				046E76271A2C08AF000FE777 /* AFSecurityPolicy.m in Sources */,
				046E76651A2C0A37000FE777 /* FMResultSet.m in Sources */,
				046E76231A2C08AF000FE777 /* AFHTTPRequestOperation.m in Sources */,
				04C711F01A2D56DF009705DF /* SDWebImageDownloaderOperation.m in Sources */,
				04C712141A2DB04D009705DF /* LJBBSAds.m in Sources */,
				046E767D1A2C1AC6000FE777 /* LJNewsViewController.m in Sources */,
				04C711EB1A2D56DF009705DF /* NSData+ImageContentType.m in Sources */,
				04C711F21A2D56DF009705DF /* SDWebImagePrefetcher.m in Sources */,
				046E76631A2C0A37000FE777 /* FMDatabasePool.m in Sources */,
				046E76731A2C131C000FE777 /* LJTabButton.m in Sources */,
				046E762B1A2C08AF000FE777 /* AFURLSessionManager.m in Sources */,
				047D6A8C1A2C718000EB3B64 /* LJSubject.m in Sources */,
				04C711F31A2D56DF009705DF /* UIButton+WebCache.m in Sources */,
				04C711F91A2D56DF009705DF /* UIView+WebCacheOperation.m in Sources */,
				046E762A1A2C08AF000FE777 /* AFURLResponseSerialization.m in Sources */,
				046E75CE1A2BF700000FE777 /* AppDelegate.m in Sources */,
				04C712171A2DB421009705DF /* LJBaseAds.m in Sources */,
				04C711FC1A2D646D009705DF /* LJNewsDetailController.m in Sources */,
				046E764C1A2C08C0000FE777 /* UIView+MJExtension.m in Sources */,
				047D6A951A2C837E00EB3B64 /* LJNetWorking.m in Sources */,
				8894F9121A2CE77F0058C76A /* LJNewsNormalCell.m in Sources */,
				046E76311A2C08AF000FE777 /* UIProgressView+AFNetworking.m in Sources */,
				04C711F81A2D56DF009705DF /* UIImageView+WebCache.m in Sources */,
				8894F90E1A2CDF890058C76A /* NSString+MyString.m in Sources */,
				046E76251A2C08AF000FE777 /* AFHTTPSessionManager.m in Sources */,
				04C711ED1A2D56DF009705DF /* SDWebImageCompat.m in Sources */,
				04C711EA1A2D56DF009705DF /* MKAnnotationView+WebCache.m in Sources */,
				046E76491A2C08C0000FE777 /* MJRefreshHeaderView.m in Sources */,
				046E76541A2C0A2F000FE777 /* MBProgressHUD.m in Sources */,
				047D6A801A2C4DA600EB3B64 /* LJBaseViewController.m in Sources */,
				047D6A921A2C73D300EB3B64 /* LJCommonData.m in Sources */,
				046E764A1A2C08C0000FE777 /* UIScrollView+MJExtension.m in Sources */,
				046E764B1A2C08C0000FE777 /* UIScrollView+MJRefresh.m in Sources */,
				047D6A781A2C2F2500EB3B64 /* LJUserSettingViewController.m in Sources */,
				046E762C1A2C08AF000FE777 /* AFNetworkActivityIndicatorManager.m in Sources */,
				046E76241A2C08AF000FE777 /* AFHTTPRequestOperationManager.m in Sources */,
				046E766D1A2C1251000FE777 /* LJTabBar.m in Sources */,
				046E76301A2C08AF000FE777 /* UIImageView+AFNetworking.m in Sources */,
				04C712101A2DA8B9009705DF /* LJBBSRecentViewController.m in Sources */,
				04C7120A1A2DA877009705DF /* LJBBSSquareViewController.m in Sources */,
				047D6A981A2C933500EB3B64 /* LJArea.m in Sources */,
				046E762F1A2C08AF000FE777 /* UIButton+AFNetworking.m in Sources */,
				046E76621A2C0A37000FE777 /* FMDatabaseAdditions.m in Sources */,
				046E76321A2C08AF000FE777 /* UIRefreshControl+AFNetworking.m in Sources */,
				047D6A701A2C291000EB3B64 /* LJNavController.m in Sources */,
				04C712011A2D9108009705DF /* LJAdsGroupView.m in Sources */,
				047D6A881A2C66C700EB3B64 /* LJSubjectView.m in Sources */,
				046E76331A2C08AF000FE777 /* UIWebView+AFNetworking.m in Sources */,
				046E768A1A2C1B1B000FE777 /* LJSpecialViewController.m in Sources */,
				046E76261A2C08AF000FE777 /* AFNetworkReachabilityManager.m in Sources */,
				047D6A741A2C2B6A00EB3B64 /* PPRevealSideViewController.m in Sources */,
				046E76471A2C08C0000FE777 /* MJRefreshConst.m in Sources */,
				046E76801A2C1ADF000FE777 /* LJBBSViewController.m in Sources */,
				04C711EE1A2D56DF009705DF /* SDWebImageDecoder.m in Sources */,
				04C711F61A2D56DF009705DF /* UIImage+WebP.m in Sources */,
				046E76641A2C0A37000FE777 /* FMDatabaseQueue.m in Sources */,
				04C712071A2D984C009705DF /* LJBBSButtonView.m in Sources */,
				046E766A1A2C121E000FE777 /* LJTabBarController.m in Sources */,
				04C711F11A2D56DF009705DF /* SDWebImageManager.m in Sources */,
				046E76841A2C1AF4000FE777 /* LJPhotoVIewController.m in Sources */,
				046E75CB1A2BF700000FE777 /* main.m in Sources */,
				04C711C71A2D5304009705DF /* LJAds.m in Sources */,
				04C7120D1A2DA891009705DF /* LJBBSListViewController.m in Sources */,
				046E76461A2C08C0000FE777 /* MJRefreshBaseView.m in Sources */,
				046E762D1A2C08AF000FE777 /* UIActivityIndicatorView+AFNetworking.m in Sources */,
			);
			runOnlyForDeploymentPostprocessing = 0;
		};
		046E75DA1A2BF700000FE777 /* Sources */ = {
			isa = PBXSourcesBuildPhase;
			buildActionMask = 2147483647;
			files = (
				046E75E51A2BF700000FE777 /* Project_PCOnlineTests.m in Sources */,
			);
			runOnlyForDeploymentPostprocessing = 0;
		};
/* End PBXSourcesBuildPhase section */

/* Begin PBXTargetDependency section */
		046E75E01A2BF700000FE777 /* PBXTargetDependency */ = {
			isa = PBXTargetDependency;
			target = 046E75C41A2BF700000FE777 /* Project_PCOnline */;
			targetProxy = 046E75DF1A2BF700000FE777 /* PBXContainerItemProxy */;
		};
/* End PBXTargetDependency section */

/* Begin PBXVariantGroup section */
		046E75D21A2BF700000FE777 /* Main.storyboard */ = {
			isa = PBXVariantGroup;
			children = (
				046E75D31A2BF700000FE777 /* Base */,
			);
			name = Main.storyboard;
			sourceTree = "<group>";
		};
		046E75D71A2BF700000FE777 /* LaunchScreen.xib */ = {
			isa = PBXVariantGroup;
			children = (
				046E75D81A2BF700000FE777 /* Base */,
			);
			name = LaunchScreen.xib;
			sourceTree = "<group>";
		};
/* End PBXVariantGroup section */

/* Begin XCBuildConfiguration section */
		046E75E61A2BF700000FE777 /* Debug */ = {
			isa = XCBuildConfiguration;
			buildSettings = {
				ALWAYS_SEARCH_USER_PATHS = NO;
				CLANG_CXX_LANGUAGE_STANDARD = "gnu++0x";
				CLANG_CXX_LIBRARY = "libc++";
				CLANG_ENABLE_MODULES = YES;
				CLANG_ENABLE_OBJC_ARC = YES;
				CLANG_WARN_BOOL_CONVERSION = YES;
				CLANG_WARN_CONSTANT_CONVERSION = YES;
				CLANG_WARN_DIRECT_OBJC_ISA_USAGE = YES_ERROR;
				CLANG_WARN_EMPTY_BODY = YES;
				CLANG_WARN_ENUM_CONVERSION = YES;
				CLANG_WARN_INT_CONVERSION = YES;
				CLANG_WARN_OBJC_ROOT_CLASS = YES_ERROR;
				CLANG_WARN_UNREACHABLE_CODE = YES;
				CLANG_WARN__DUPLICATE_METHOD_MATCH = YES;
				"CODE_SIGN_IDENTITY[sdk=iphoneos*]" = "iPhone Developer";
				COPY_PHASE_STRIP = NO;
				ENABLE_STRICT_OBJC_MSGSEND = YES;
				GCC_C_LANGUAGE_STANDARD = gnu99;
				GCC_DYNAMIC_NO_PIC = NO;
				GCC_OPTIMIZATION_LEVEL = 0;
				GCC_PREPROCESSOR_DEFINITIONS = (
					"DEBUG=1",
					"$(inherited)",
				);
				GCC_SYMBOLS_PRIVATE_EXTERN = NO;
				GCC_WARN_64_TO_32_BIT_CONVERSION = YES;
				GCC_WARN_ABOUT_RETURN_TYPE = YES_ERROR;
				GCC_WARN_UNDECLARED_SELECTOR = YES;
				GCC_WARN_UNINITIALIZED_AUTOS = YES_AGGRESSIVE;
				GCC_WARN_UNUSED_FUNCTION = YES;
				GCC_WARN_UNUSED_VARIABLE = YES;
				IPHONEOS_DEPLOYMENT_TARGET = 8.1;
				MTL_ENABLE_DEBUG_INFO = YES;
				ONLY_ACTIVE_ARCH = YES;
				SDKROOT = iphoneos;
			};
			name = Debug;
		};
		046E75E71A2BF700000FE777 /* Release */ = {
			isa = XCBuildConfiguration;
			buildSettings = {
				ALWAYS_SEARCH_USER_PATHS = NO;
				CLANG_CXX_LANGUAGE_STANDARD = "gnu++0x";
				CLANG_CXX_LIBRARY = "libc++";
				CLANG_ENABLE_MODULES = YES;
				CLANG_ENABLE_OBJC_ARC = YES;
				CLANG_WARN_BOOL_CONVERSION = YES;
				CLANG_WARN_CONSTANT_CONVERSION = YES;
				CLANG_WARN_DIRECT_OBJC_ISA_USAGE = YES_ERROR;
				CLANG_WARN_EMPTY_BODY = YES;
				CLANG_WARN_ENUM_CONVERSION = YES;
				CLANG_WARN_INT_CONVERSION = YES;
				CLANG_WARN_OBJC_ROOT_CLASS = YES_ERROR;
				CLANG_WARN_UNREACHABLE_CODE = YES;
				CLANG_WARN__DUPLICATE_METHOD_MATCH = YES;
				"CODE_SIGN_IDENTITY[sdk=iphoneos*]" = "iPhone Developer";
				COPY_PHASE_STRIP = YES;
				ENABLE_NS_ASSERTIONS = NO;
				ENABLE_STRICT_OBJC_MSGSEND = YES;
				GCC_C_LANGUAGE_STANDARD = gnu99;
				GCC_WARN_64_TO_32_BIT_CONVERSION = YES;
				GCC_WARN_ABOUT_RETURN_TYPE = YES_ERROR;
				GCC_WARN_UNDECLARED_SELECTOR = YES;
				GCC_WARN_UNINITIALIZED_AUTOS = YES_AGGRESSIVE;
				GCC_WARN_UNUSED_FUNCTION = YES;
				GCC_WARN_UNUSED_VARIABLE = YES;
				IPHONEOS_DEPLOYMENT_TARGET = 8.1;
				MTL_ENABLE_DEBUG_INFO = NO;
				SDKROOT = iphoneos;
				VALIDATE_PRODUCT = YES;
			};
			name = Release;
		};
		046E75E91A2BF700000FE777 /* Debug */ = {
			isa = XCBuildConfiguration;
			buildSettings = {
				ASSETCATALOG_COMPILER_APPICON_NAME = AppIcon;
				ENABLE_STRICT_OBJC_MSGSEND = NO;
				INFOPLIST_FILE = Project_PCOnline/Info.plist;
				LD_RUNPATH_SEARCH_PATHS = "$(inherited) @executable_path/Frameworks";
				PRODUCT_NAME = "$(TARGET_NAME)";
			};
			name = Debug;
		};
		046E75EA1A2BF700000FE777 /* Release */ = {
			isa = XCBuildConfiguration;
			buildSettings = {
				ASSETCATALOG_COMPILER_APPICON_NAME = AppIcon;
				ENABLE_STRICT_OBJC_MSGSEND = NO;
				INFOPLIST_FILE = Project_PCOnline/Info.plist;
				LD_RUNPATH_SEARCH_PATHS = "$(inherited) @executable_path/Frameworks";
				PRODUCT_NAME = "$(TARGET_NAME)";
			};
			name = Release;
		};
		046E75EC1A2BF700000FE777 /* Debug */ = {
			isa = XCBuildConfiguration;
			buildSettings = {
				BUNDLE_LOADER = "$(TEST_HOST)";
				FRAMEWORK_SEARCH_PATHS = (
					"$(SDKROOT)/Developer/Library/Frameworks",
					"$(inherited)",
				);
				GCC_PREPROCESSOR_DEFINITIONS = (
					"DEBUG=1",
					"$(inherited)",
				);
				INFOPLIST_FILE = Project_PCOnlineTests/Info.plist;
				LD_RUNPATH_SEARCH_PATHS = "$(inherited) @executable_path/Frameworks @loader_path/Frameworks";
				PRODUCT_NAME = "$(TARGET_NAME)";
				TEST_HOST = "$(BUILT_PRODUCTS_DIR)/Project_PCOnline.app/Project_PCOnline";
			};
			name = Debug;
		};
		046E75ED1A2BF700000FE777 /* Release */ = {
			isa = XCBuildConfiguration;
			buildSettings = {
				BUNDLE_LOADER = "$(TEST_HOST)";
				FRAMEWORK_SEARCH_PATHS = (
					"$(SDKROOT)/Developer/Library/Frameworks",
					"$(inherited)",
				);
				INFOPLIST_FILE = Project_PCOnlineTests/Info.plist;
				LD_RUNPATH_SEARCH_PATHS = "$(inherited) @executable_path/Frameworks @loader_path/Frameworks";
				PRODUCT_NAME = "$(TARGET_NAME)";
				TEST_HOST = "$(BUILT_PRODUCTS_DIR)/Project_PCOnline.app/Project_PCOnline";
			};
			name = Release;
		};
/* End XCBuildConfiguration section */

/* Begin XCConfigurationList section */
		046E75C01A2BF700000FE777 /* Build configuration list for PBXProject "Project_PCOnline" */ = {
			isa = XCConfigurationList;
			buildConfigurations = (
				046E75E61A2BF700000FE777 /* Debug */,
				046E75E71A2BF700000FE777 /* Release */,
			);
			defaultConfigurationIsVisible = 0;
			defaultConfigurationName = Release;
		};
		046E75E81A2BF700000FE777 /* Build configuration list for PBXNativeTarget "Project_PCOnline" */ = {
			isa = XCConfigurationList;
			buildConfigurations = (
				046E75E91A2BF700000FE777 /* Debug */,
				046E75EA1A2BF700000FE777 /* Release */,
			);
			defaultConfigurationIsVisible = 0;
			defaultConfigurationName = Release;
		};
		046E75EB1A2BF700000FE777 /* Build configuration list for PBXNativeTarget "Project_PCOnlineTests" */ = {
			isa = XCConfigurationList;
			buildConfigurations = (
				046E75EC1A2BF700000FE777 /* Debug */,
				046E75ED1A2BF700000FE777 /* Release */,
			);
			defaultConfigurationIsVisible = 0;
			defaultConfigurationName = Release;
		};
/* End XCConfigurationList section */
	};
	rootObject = 046E75BD1A2BF700000FE777 /* Project object */;
}
